// !$*UTF8*$!
{
	archiveVersion = 1;
	classes = {
	};
	objectVersion = 77;
	objects = {

/* Begin PBXBuildFile section */
		1FDCD5E12D5DFDA00036B15F /* DebloatfyTests.swift in Sources */ = {isa = PBXBuildFile; fileRef = 1FDCD5DF2D5DFDA00036B15F /* DebloatfyTests.swift */; };
		1FDCD5E92D5DFE740036B15F /* ContentView.swift in Sources */ = {isa = PBXBuildFile; fileRef = 1FDCD5E52D5DFE740036B15F /* ContentView.swift */; };
		1FDCD5EA2D5DFE740036B15F /* DebloatfyApp.swift in Sources */ = {isa = PBXBuildFile; fileRef = 1FDCD5E72D5DFE740036B15F /* DebloatfyApp.swift */; };
		1FDCD5EB2D5DFE740036B15F /* Preview Assets.xcassets in Resources */ = {isa = PBXBuildFile; fileRef = 1FDCD5E22D5DFE740036B15F /* Preview Assets.xcassets */; };
		1FDCD5EC2D5DFE740036B15F /* Assets.xcassets in Resources */ = {isa = PBXBuildFile; fileRef = 1FDCD5E42D5DFE740036B15F /* Assets.xcassets */; };
		1FDCD5F72D5E03EB0036B15F /* EndPoint.swift in Sources */ = {isa = PBXBuildFile; fileRef = 1FDCD5F62D5E03DD0036B15F /* EndPoint.swift */; };
		1FDCD5FA2D5E04180036B15F /* RequestMethod.swift in Sources */ = {isa = PBXBuildFile; fileRef = 1FDCD5F92D5E04140036B15F /* RequestMethod.swift */; };
		1FDCD5FC2D5E042E0036B15F /* NetworkError.swift in Sources */ = {isa = PBXBuildFile; fileRef = 1FDCD5FB2D5E042A0036B15F /* NetworkError.swift */; };
		1FDCD5FE2D5E04490036B15F /* Networkable.swift in Sources */ = {isa = PBXBuildFile; fileRef = 1FDCD5FD2D5E04460036B15F /* Networkable.swift */; };
		1FDCD6032D5E04F40036B15F /* Constans.swift in Sources */ = {isa = PBXBuildFile; fileRef = 1FDCD6022D5E04F10036B15F /* Constans.swift */; };
		1FDCD6092D5E0A6F0036B15F /* Nunito-Variable.ttf in Resources */ = {isa = PBXBuildFile; fileRef = 1FDCD6082D5E0A6F0036B15F /* Nunito-Variable.ttf */; };
		1FDCD60A2D5E0A6F0036B15F /* Nunito-Variable.ttf in Resources */ = {isa = PBXBuildFile; fileRef = 1FDCD6082D5E0A6F0036B15F /* Nunito-Variable.ttf */; };
/* End PBXBuildFile section */

/* Begin PBXContainerItemProxy section */
		1FDCD5C32D5CCA930036B15F /* PBXContainerItemProxy */ = {
			isa = PBXContainerItemProxy;
			containerPortal = 1FDCD5A92D5CCA920036B15F /* Project object */;
			proxyType = 1;
			remoteGlobalIDString = 1FDCD5B02D5CCA920036B15F;
			remoteInfo = Debloatfy;
		};
/* End PBXContainerItemProxy section */

/* Begin PBXFileReference section */
		1F1C93FC2D5E0C9A008B6E19 /* Tests.xctest */ = {isa = PBXFileReference; explicitFileType = wrapper.cfbundle; includeInIndex = 0; path = Tests.xctest; sourceTree = BUILT_PRODUCTS_DIR; };
		1FDCD5DF2D5DFDA00036B15F /* DebloatfyTests.swift */ = {isa = PBXFileReference; lastKnownFileType = sourcecode.swift; path = DebloatfyTests.swift; sourceTree = "<group>"; };
		1FDCD5E22D5DFE740036B15F /* Preview Assets.xcassets */ = {isa = PBXFileReference; lastKnownFileType = folder.assetcatalog; path = "Preview Assets.xcassets"; sourceTree = "<group>"; };
		1FDCD5E42D5DFE740036B15F /* Assets.xcassets */ = {isa = PBXFileReference; lastKnownFileType = folder.assetcatalog; path = Assets.xcassets; sourceTree = "<group>"; };
		1FDCD5E52D5DFE740036B15F /* ContentView.swift */ = {isa = PBXFileReference; lastKnownFileType = sourcecode.swift; path = ContentView.swift; sourceTree = "<group>"; };
		1FDCD5E62D5DFE740036B15F /* Debloatfy.entitlements */ = {isa = PBXFileReference; lastKnownFileType = text.plist.entitlements; path = Debloatfy.entitlements; sourceTree = "<group>"; };
		1FDCD5E72D5DFE740036B15F /* DebloatfyApp.swift */ = {isa = PBXFileReference; lastKnownFileType = sourcecode.swift; path = DebloatfyApp.swift; sourceTree = "<group>"; };
		1FDCD5F12D5E01730036B15F /* .gitignore */ = {isa = PBXFileReference; lastKnownFileType = text; path = .gitignore; sourceTree = "<group>"; };
		1FDCD5F22D5E02240036B15F /* Debloatfy.app */ = {isa = PBXFileReference; explicitFileType = wrapper.application; includeInIndex = 0; path = Debloatfy.app; sourceTree = BUILT_PRODUCTS_DIR; };
		1FDCD5F62D5E03DD0036B15F /* EndPoint.swift */ = {isa = PBXFileReference; lastKnownFileType = sourcecode.swift; path = EndPoint.swift; sourceTree = "<group>"; };
		1FDCD5F92D5E04140036B15F /* RequestMethod.swift */ = {isa = PBXFileReference; lastKnownFileType = sourcecode.swift; path = RequestMethod.swift; sourceTree = "<group>"; };
		1FDCD5FB2D5E042A0036B15F /* NetworkError.swift */ = {isa = PBXFileReference; lastKnownFileType = sourcecode.swift; path = NetworkError.swift; sourceTree = "<group>"; };
		1FDCD5FD2D5E04460036B15F /* Networkable.swift */ = {isa = PBXFileReference; lastKnownFileType = sourcecode.swift; path = Networkable.swift; sourceTree = "<group>"; };
		1FDCD6022D5E04F10036B15F /* Constans.swift */ = {isa = PBXFileReference; lastKnownFileType = sourcecode.swift; path = Constans.swift; sourceTree = "<group>"; };
		1FDCD6082D5E0A6F0036B15F /* Nunito-Variable.ttf */ = {isa = PBXFileReference; lastKnownFileType = file; path = "Nunito-Variable.ttf"; sourceTree = "<group>"; };
		1FDCD60B2D5E0B040036B15F /* Debloatfy-Info.plist */ = {isa = PBXFileReference; lastKnownFileType = text.plist.xml; path = "Debloatfy-Info.plist"; sourceTree = "<group>"; };
/* End PBXFileReference section */

/* Begin PBXFrameworksBuildPhase section */
		1FDCD5AE2D5CCA920036B15F /* Frameworks */ = {
			isa = PBXFrameworksBuildPhase;
			buildActionMask = 2147483647;
			files = (
			);
			runOnlyForDeploymentPostprocessing = 0;
		};
		1FDCD5BF2D5CCA930036B15F /* Frameworks */ = {
			isa = PBXFrameworksBuildPhase;
			buildActionMask = 2147483647;
			files = (
			);
			runOnlyForDeploymentPostprocessing = 0;
		};
/* End PBXFrameworksBuildPhase section */

/* Begin PBXGroup section */
		1FDCD5A82D5CCA920036B15F = {
			isa = PBXGroup;
			children = (
				1FDCD5F12D5E01730036B15F /* .gitignore */,
				1FDCD5F22D5E02240036B15F /* Debloatfy.app */,
				1FDCD5E82D5DFE740036B15F /* Sources */,
				1FDCD5E02D5DFDA00036B15F /* Tests */,
				1F1C93FC2D5E0C9A008B6E19 /* Tests.xctest */,
			);
			sourceTree = "<group>";
		};
		1FDCD5E02D5DFDA00036B15F /* Tests */ = {
			isa = PBXGroup;
			children = (
				1FDCD5DF2D5DFDA00036B15F /* DebloatfyTests.swift */,
			);
			path = Tests;
			sourceTree = "<group>";
		};
		1FDCD5E32D5DFE740036B15F /* Preview Content */ = {
			isa = PBXGroup;
			children = (
				1FDCD5E22D5DFE740036B15F /* Preview Assets.xcassets */,
			);
			path = "Preview Content";
			sourceTree = "<group>";
		};
		1FDCD5E82D5DFE740036B15F /* Sources */ = {
			isa = PBXGroup;
			children = (
				1FDCD5EF2D5DFFC90036B15F /* Application */,
				1FDCD5E52D5DFE740036B15F /* ContentView.swift */,
				1FDCD5EE2D5DFFC40036B15F /* Core */,
				1FDCD5F02D5E003F0036B15F /* Resources */,
				1FDCD5ED2D5DFFB50036B15F /* Scenes */,
			);
			path = Sources;
			sourceTree = "<group>";
		};
		1FDCD5ED2D5DFFB50036B15F /* Scenes */ = {
			isa = PBXGroup;
			children = (
			);
			path = Scenes;
			sourceTree = "<group>";
		};
		1FDCD5EE2D5DFFC40036B15F /* Core */ = {
			isa = PBXGroup;
			children = (
				1FDCD6012D5E04EB0036B15F /* Constans */,
				1FDCD6002D5E04C70036B15F /* Extensions */,
				1FDCD5FF2D5E04B40036B15F /* Helpers */,
				1FDCD5F32D5E03BE0036B15F /* Network */,
			);
			path = Core;
			sourceTree = "<group>";
		};
		1FDCD5EF2D5DFFC90036B15F /* Application */ = {
			isa = PBXGroup;
			children = (
				1FDCD5E62D5DFE740036B15F /* Debloatfy.entitlements */,
				1FDCD5E72D5DFE740036B15F /* DebloatfyApp.swift */,
			);
			path = Application;
			sourceTree = "<group>";
		};
		1FDCD5F02D5E003F0036B15F /* Resources */ = {
			isa = PBXGroup;
			children = (
				1FDCD5E42D5DFE740036B15F /* Assets.xcassets */,
				1FDCD60B2D5E0B040036B15F /* Debloatfy-Info.plist */,
				1FDCD6042D5E098D0036B15F /* Fonts */,
				1FDCD5E32D5DFE740036B15F /* Preview Content */,
			);
			path = Resources;
			sourceTree = "<group>";
		};
		1FDCD5F32D5E03BE0036B15F /* Network */ = {
			isa = PBXGroup;
			children = (
				1FDCD5F52D5E03D40036B15F /* Base */,
				1FDCD5F42D5E03C90036B15F /* Endpoints */,
			);
			path = Network;
			sourceTree = "<group>";
		};
		1FDCD5F42D5E03C90036B15F /* Endpoints */ = {
			isa = PBXGroup;
			children = (
			);
			path = Endpoints;
			sourceTree = "<group>";
		};
		1FDCD5F52D5E03D40036B15F /* Base */ = {
			isa = PBXGroup;
			children = (
				1FDCD5FD2D5E04460036B15F /* Networkable.swift */,
				1FDCD5FB2D5E042A0036B15F /* NetworkError.swift */,
				1FDCD5F92D5E04140036B15F /* RequestMethod.swift */,
				1FDCD5F62D5E03DD0036B15F /* EndPoint.swift */,
			);
			path = Base;
			sourceTree = "<group>";
		};
		1FDCD5FF2D5E04B40036B15F /* Helpers */ = {
			isa = PBXGroup;
			children = (
			);
			path = Helpers;
			sourceTree = "<group>";
		};
		1FDCD6002D5E04C70036B15F /* Extensions */ = {
			isa = PBXGroup;
			children = (
			);
			path = Extensions;
			sourceTree = "<group>";
		};
		1FDCD6012D5E04EB0036B15F /* Constans */ = {
			isa = PBXGroup;
			children = (
				1FDCD6022D5E04F10036B15F /* Constans.swift */,
			);
			path = Constans;
			sourceTree = "<group>";
		};
		1FDCD6042D5E098D0036B15F /* Fonts */ = {
			isa = PBXGroup;
			children = (
				1FDCD6082D5E0A6F0036B15F /* Nunito-Variable.ttf */,
			);
			path = Fonts;
			sourceTree = "<group>";
		};
/* End PBXGroup section */

/* Begin PBXNativeTarget section */
		1FDCD5B02D5CCA920036B15F /* Debloatfy */ = {
			isa = PBXNativeTarget;
			buildConfigurationList = 1FDCD5D62D5CCA930036B15F /* Build configuration list for PBXNativeTarget "Debloatfy" */;
			buildPhases = (
				1FDCD5AD2D5CCA920036B15F /* Sources */,
				1FDCD5AE2D5CCA920036B15F /* Frameworks */,
				1FDCD5AF2D5CCA920036B15F /* Resources */,
			);
			buildRules = (
			);
			dependencies = (
			);
			name = Debloatfy;
			packageProductDependencies = (
			);
			productName = Debloatfy;
			productReference = 1FDCD5F22D5E02240036B15F /* Debloatfy.app */;
			productType = "com.apple.product-type.application";
		};
		1FDCD5C12D5CCA930036B15F /* Tests */ = {
			isa = PBXNativeTarget;
			buildConfigurationList = 1FDCD5D92D5CCA930036B15F /* Build configuration list for PBXNativeTarget "Tests" */;
			buildPhases = (
				1FDCD5BE2D5CCA930036B15F /* Sources */,
				1FDCD5BF2D5CCA930036B15F /* Frameworks */,
				1FDCD5C02D5CCA930036B15F /* Resources */,
			);
			buildRules = (
			);
			dependencies = (
				1FDCD5C42D5CCA930036B15F /* PBXTargetDependency */,
			);
			name = Tests;
			packageProductDependencies = (
			);
			productName = DebloatfyTests;
			productReference = 1F1C93FC2D5E0C9A008B6E19 /* Tests.xctest */;
			productType = "com.apple.product-type.bundle.unit-test";
		};
/* End PBXNativeTarget section */

/* Begin PBXProject section */
		1FDCD5A92D5CCA920036B15F /* Project object */ = {
			isa = PBXProject;
			attributes = {
				BuildIndependentTargetsInParallel = 1;
				LastSwiftUpdateCheck = 1620;
				LastUpgradeCheck = 1620;
				TargetAttributes = {
					1FDCD5B02D5CCA920036B15F = {
						CreatedOnToolsVersion = 16.2;
					};
					1FDCD5C12D5CCA930036B15F = {
						CreatedOnToolsVersion = 16.2;
						TestTargetID = 1FDCD5B02D5CCA920036B15F;
					};
				};
			};
			buildConfigurationList = 1FDCD5AC2D5CCA920036B15F /* Build configuration list for PBXProject "Debloatfy" */;
			developmentRegion = en;
			hasScannedForEncodings = 0;
			knownRegions = (
				en,
				Base,
			);
			mainGroup = 1FDCD5A82D5CCA920036B15F;
			minimizedProjectReferenceProxies = 1;
			preferredProjectObjectVersion = 77;
			productRefGroup = 1FDCD5A82D5CCA920036B15F;
			projectDirPath = "";
			projectRoot = "";
			targets = (
				1FDCD5B02D5CCA920036B15F /* Debloatfy */,
				1FDCD5C12D5CCA930036B15F /* Tests */,
			);
		};
/* End PBXProject section */

/* Begin PBXResourcesBuildPhase section */
		1FDCD5AF2D5CCA920036B15F /* Resources */ = {
			isa = PBXResourcesBuildPhase;
			buildActionMask = 2147483647;
			files = (
				1FDCD5EB2D5DFE740036B15F /* Preview Assets.xcassets in Resources */,
				1FDCD60A2D5E0A6F0036B15F /* Nunito-Variable.ttf in Resources */,
				1FDCD5EC2D5DFE740036B15F /* Assets.xcassets in Resources */,
			);
			runOnlyForDeploymentPostprocessing = 0;
		};
		1FDCD5C02D5CCA930036B15F /* Resources */ = {
			isa = PBXResourcesBuildPhase;
			buildActionMask = 2147483647;
			files = (
				1FDCD6092D5E0A6F0036B15F /* Nunito-Variable.ttf in Resources */,
			);
			runOnlyForDeploymentPostprocessing = 0;
		};
/* End PBXResourcesBuildPhase section */

/* Begin PBXSourcesBuildPhase section */
		1FDCD5AD2D5CCA920036B15F /* Sources */ = {
			isa = PBXSourcesBuildPhase;
			buildActionMask = 2147483647;
			files = (
				1FDCD5FA2D5E04180036B15F /* RequestMethod.swift in Sources */,
				1FDCD5F72D5E03EB0036B15F /* EndPoint.swift in Sources */,
				1FDCD5E92D5DFE740036B15F /* ContentView.swift in Sources */,
				1FDCD5EA2D5DFE740036B15F /* DebloatfyApp.swift in Sources */,
				1FDCD5FE2D5E04490036B15F /* Networkable.swift in Sources */,
				1FDCD6032D5E04F40036B15F /* Constans.swift in Sources */,
				1FDCD5FC2D5E042E0036B15F /* NetworkError.swift in Sources */,
			);
			runOnlyForDeploymentPostprocessing = 0;
		};
		1FDCD5BE2D5CCA930036B15F /* Sources */ = {
			isa = PBXSourcesBuildPhase;
			buildActionMask = 2147483647;
			files = (
				1FDCD5E12D5DFDA00036B15F /* DebloatfyTests.swift in Sources */,
			);
			runOnlyForDeploymentPostprocessing = 0;
		};
/* End PBXSourcesBuildPhase section */

/* Begin PBXTargetDependency section */
		1FDCD5C42D5CCA930036B15F /* PBXTargetDependency */ = {
			isa = PBXTargetDependency;
			target = 1FDCD5B02D5CCA920036B15F /* Debloatfy */;
			targetProxy = 1FDCD5C32D5CCA930036B15F /* PBXContainerItemProxy */;
		};
/* End PBXTargetDependency section */

/* Begin XCBuildConfiguration section */
		1FDCD5D42D5CCA930036B15F /* Debug */ = {
			isa = XCBuildConfiguration;
			buildSettings = {
				ALWAYS_SEARCH_USER_PATHS = NO;
				ASSETCATALOG_COMPILER_GENERATE_SWIFT_ASSET_SYMBOL_EXTENSIONS = YES;
				CLANG_ANALYZER_NONNULL = YES;
				CLANG_ANALYZER_NUMBER_OBJECT_CONVERSION = YES_AGGRESSIVE;
				CLANG_CXX_LANGUAGE_STANDARD = "gnu++20";
				CLANG_ENABLE_MODULES = YES;
				CLANG_ENABLE_OBJC_ARC = YES;
				CLANG_ENABLE_OBJC_WEAK = YES;
				CLANG_WARN_BLOCK_CAPTURE_AUTORELEASING = YES;
				CLANG_WARN_BOOL_CONVERSION = YES;
				CLANG_WARN_COMMA = YES;
				CLANG_WARN_CONSTANT_CONVERSION = YES;
				CLANG_WARN_DEPRECATED_OBJC_IMPLEMENTATIONS = YES;
				CLANG_WARN_DIRECT_OBJC_ISA_USAGE = YES_ERROR;
				CLANG_WARN_DOCUMENTATION_COMMENTS = YES;
				CLANG_WARN_EMPTY_BODY = YES;
				CLANG_WARN_ENUM_CONVERSION = YES;
				CLANG_WARN_INFINITE_RECURSION = YES;
				CLANG_WARN_INT_CONVERSION = YES;
				CLANG_WARN_NON_LITERAL_NULL_CONVERSION = YES;
				CLANG_WARN_OBJC_IMPLICIT_RETAIN_SELF = YES;
				CLANG_WARN_OBJC_LITERAL_CONVERSION = YES;
				CLANG_WARN_OBJC_ROOT_CLASS = YES_ERROR;
				CLANG_WARN_QUOTED_INCLUDE_IN_FRAMEWORK_HEADER = YES;
				CLANG_WARN_RANGE_LOOP_ANALYSIS = YES;
				CLANG_WARN_STRICT_PROTOTYPES = YES;
				CLANG_WARN_SUSPICIOUS_MOVE = YES;
				CLANG_WARN_UNGUARDED_AVAILABILITY = YES_AGGRESSIVE;
				CLANG_WARN_UNREACHABLE_CODE = YES;
				CLANG_WARN__DUPLICATE_METHOD_MATCH = YES;
				COPY_PHASE_STRIP = NO;
				DEBUG_INFORMATION_FORMAT = dwarf;
				ENABLE_STRICT_OBJC_MSGSEND = YES;
				ENABLE_TESTABILITY = YES;
				ENABLE_USER_SCRIPT_SANDBOXING = YES;
				GCC_C_LANGUAGE_STANDARD = gnu17;
				GCC_DYNAMIC_NO_PIC = NO;
				GCC_NO_COMMON_BLOCKS = YES;
				GCC_OPTIMIZATION_LEVEL = 0;
				GCC_PREPROCESSOR_DEFINITIONS = (
					"DEBUG=1",
					"$(inherited)",
				);
				GCC_WARN_64_TO_32_BIT_CONVERSION = YES;
				GCC_WARN_ABOUT_RETURN_TYPE = YES_ERROR;
				GCC_WARN_UNDECLARED_SELECTOR = YES;
				GCC_WARN_UNINITIALIZED_AUTOS = YES_AGGRESSIVE;
				GCC_WARN_UNUSED_FUNCTION = YES;
				GCC_WARN_UNUSED_VARIABLE = YES;
				LOCALIZATION_PREFERS_STRING_CATALOGS = YES;
				MACOSX_DEPLOYMENT_TARGET = 15.2;
				MTL_ENABLE_DEBUG_INFO = INCLUDE_SOURCE;
				MTL_FAST_MATH = YES;
				ONLY_ACTIVE_ARCH = YES;
				SDKROOT = macosx;
				SWIFT_ACTIVE_COMPILATION_CONDITIONS = "DEBUG $(inherited)";
				SWIFT_OPTIMIZATION_LEVEL = "-Onone";
			};
			name = Debug;
		};
		1FDCD5D52D5CCA930036B15F /* Release */ = {
			isa = XCBuildConfiguration;
			buildSettings = {
				ALWAYS_SEARCH_USER_PATHS = NO;
				ASSETCATALOG_COMPILER_GENERATE_SWIFT_ASSET_SYMBOL_EXTENSIONS = YES;
				CLANG_ANALYZER_NONNULL = YES;
				CLANG_ANALYZER_NUMBER_OBJECT_CONVERSION = YES_AGGRESSIVE;
				CLANG_CXX_LANGUAGE_STANDARD = "gnu++20";
				CLANG_ENABLE_MODULES = YES;
				CLANG_ENABLE_OBJC_ARC = YES;
				CLANG_ENABLE_OBJC_WEAK = YES;
				CLANG_WARN_BLOCK_CAPTURE_AUTORELEASING = YES;
				CLANG_WARN_BOOL_CONVERSION = YES;
				CLANG_WARN_COMMA = YES;
				CLANG_WARN_CONSTANT_CONVERSION = YES;
				CLANG_WARN_DEPRECATED_OBJC_IMPLEMENTATIONS = YES;
				CLANG_WARN_DIRECT_OBJC_ISA_USAGE = YES_ERROR;
				CLANG_WARN_DOCUMENTATION_COMMENTS = YES;
				CLANG_WARN_EMPTY_BODY = YES;
				CLANG_WARN_ENUM_CONVERSION = YES;
				CLANG_WARN_INFINITE_RECURSION = YES;
				CLANG_WARN_INT_CONVERSION = YES;
				CLANG_WARN_NON_LITERAL_NULL_CONVERSION = YES;
				CLANG_WARN_OBJC_IMPLICIT_RETAIN_SELF = YES;
				CLANG_WARN_OBJC_LITERAL_CONVERSION = YES;
				CLANG_WARN_OBJC_ROOT_CLASS = YES_ERROR;
				CLANG_WARN_QUOTED_INCLUDE_IN_FRAMEWORK_HEADER = YES;
				CLANG_WARN_RANGE_LOOP_ANALYSIS = YES;
				CLANG_WARN_STRICT_PROTOTYPES = YES;
				CLANG_WARN_SUSPICIOUS_MOVE = YES;
				CLANG_WARN_UNGUARDED_AVAILABILITY = YES_AGGRESSIVE;
				CLANG_WARN_UNREACHABLE_CODE = YES;
				CLANG_WARN__DUPLICATE_METHOD_MATCH = YES;
				COPY_PHASE_STRIP = NO;
				DEBUG_INFORMATION_FORMAT = "dwarf-with-dsym";
				ENABLE_NS_ASSERTIONS = NO;
				ENABLE_STRICT_OBJC_MSGSEND = YES;
				ENABLE_USER_SCRIPT_SANDBOXING = YES;
				GCC_C_LANGUAGE_STANDARD = gnu17;
				GCC_NO_COMMON_BLOCKS = YES;
				GCC_WARN_64_TO_32_BIT_CONVERSION = YES;
				GCC_WARN_ABOUT_RETURN_TYPE = YES_ERROR;
				GCC_WARN_UNDECLARED_SELECTOR = YES;
				GCC_WARN_UNINITIALIZED_AUTOS = YES_AGGRESSIVE;
				GCC_WARN_UNUSED_FUNCTION = YES;
				GCC_WARN_UNUSED_VARIABLE = YES;
				LOCALIZATION_PREFERS_STRING_CATALOGS = YES;
				MACOSX_DEPLOYMENT_TARGET = 15.2;
				MTL_ENABLE_DEBUG_INFO = NO;
				MTL_FAST_MATH = YES;
				SDKROOT = macosx;
				SWIFT_COMPILATION_MODE = wholemodule;
			};
			name = Release;
		};
		1FDCD5D72D5CCA930036B15F /* Debug */ = {
			isa = XCBuildConfiguration;
			buildSettings = {
				ASSETCATALOG_COMPILER_APPICON_NAME = AppIcon;
				ASSETCATALOG_COMPILER_GLOBAL_ACCENT_COLOR_NAME = AccentColor;
				ASSETCATALOG_COMPILER_INCLUDE_ALL_APPICON_ASSETS = YES;
				CODE_SIGN_ENTITLEMENTS = Sources/Application/Debloatfy.entitlements;
				CODE_SIGN_STYLE = Automatic;
				COMBINE_HIDPI_IMAGES = YES;
				CURRENT_PROJECT_VERSION = 1;
				DEVELOPMENT_ASSET_PATHS = "\"Sources/Resources/Preview Content\"";
				ENABLE_PREVIEWS = YES;
				GENERATE_INFOPLIST_FILE = YES;
				INFOPLIST_FILE = "Sources/Resources/Debloatfy-Info.plist";
				INFOPLIST_KEY_CFBundleDisplayName = "Debloatfy - Android App Debloater";
				INFOPLIST_KEY_LSApplicationCategoryType = "public.app-category.developer-tools";
				INFOPLIST_KEY_NSHumanReadableCopyright = "Copyright © 2025 Nijat Hamid. Debloatfy™. All rights reserved.";
				LD_RUNPATH_SEARCH_PATHS = (
					"$(inherited)",
					"@executable_path/../Frameworks",
				);
				MARKETING_VERSION = 1.0;
				PRODUCT_BUNDLE_IDENTIFIER = com.nijathamid.Debloatfy;
				PRODUCT_NAME = "$(TARGET_NAME)";
				SWIFT_EMIT_LOC_STRINGS = YES;
				SWIFT_VERSION = 5.0;
			};
			name = Debug;
		};
		1FDCD5D82D5CCA930036B15F /* Release */ = {
			isa = XCBuildConfiguration;
			buildSettings = {
				ASSETCATALOG_COMPILER_APPICON_NAME = AppIcon;
				ASSETCATALOG_COMPILER_GLOBAL_ACCENT_COLOR_NAME = AccentColor;
				ASSETCATALOG_COMPILER_INCLUDE_ALL_APPICON_ASSETS = YES;
				CODE_SIGN_ENTITLEMENTS = Sources/Application/Debloatfy.entitlements;
				CODE_SIGN_STYLE = Automatic;
				COMBINE_HIDPI_IMAGES = YES;
				CURRENT_PROJECT_VERSION = 1;
				DEVELOPMENT_ASSET_PATHS = "\"Sources/Resources/Preview Content\"";
				ENABLE_PREVIEWS = YES;
				GENERATE_INFOPLIST_FILE = YES;
				INFOPLIST_FILE = "Sources/Resources/Debloatfy-Info.plist";
				INFOPLIST_KEY_CFBundleDisplayName = "Debloatfy - Android App Debloater";
				INFOPLIST_KEY_LSApplicationCategoryType = "public.app-category.developer-tools";
				INFOPLIST_KEY_NSHumanReadableCopyright = "Copyright © 2025 Nijat Hamid. Debloatfy™. All rights reserved.";
				LD_RUNPATH_SEARCH_PATHS = (
					"$(inherited)",
					"@executable_path/../Frameworks",
				);
				MARKETING_VERSION = 1.0;
				PRODUCT_BUNDLE_IDENTIFIER = com.nijathamid.Debloatfy;
				PRODUCT_NAME = "$(TARGET_NAME)";
				SWIFT_EMIT_LOC_STRINGS = YES;
				SWIFT_VERSION = 5.0;
			};
			name = Release;
		};
		1FDCD5DA2D5CCA930036B15F /* Debug */ = {
			isa = XCBuildConfiguration;
			buildSettings = {
				BUNDLE_LOADER = "$(TEST_HOST)";
				CODE_SIGN_STYLE = Automatic;
				CURRENT_PROJECT_VERSION = 1;
				GENERATE_INFOPLIST_FILE = YES;
				MACOSX_DEPLOYMENT_TARGET = 15.2;
				MARKETING_VERSION = 1.0;
				PRODUCT_BUNDLE_IDENTIFIER = com.nijathamid.DebloatfyTests;
				PRODUCT_NAME = "$(TARGET_NAME)";
				SWIFT_EMIT_LOC_STRINGS = NO;
				SWIFT_VERSION = 5.0;
				TEST_HOST = "$(BUILT_PRODUCTS_DIR)/Debloatfy.app/$(BUNDLE_EXECUTABLE_FOLDER_PATH)/Debloatfy";
			};
			name = Debug;
		};
		1FDCD5DB2D5CCA930036B15F /* Release */ = {
			isa = XCBuildConfiguration;
			buildSettings = {
				BUNDLE_LOADER = "$(TEST_HOST)";
				CODE_SIGN_STYLE = Automatic;
				CURRENT_PROJECT_VERSION = 1;
				GENERATE_INFOPLIST_FILE = YES;
				MACOSX_DEPLOYMENT_TARGET = 15.2;
				MARKETING_VERSION = 1.0;
				PRODUCT_BUNDLE_IDENTIFIER = com.nijathamid.DebloatfyTests;
				PRODUCT_NAME = "$(TARGET_NAME)";
				SWIFT_EMIT_LOC_STRINGS = NO;
				SWIFT_VERSION = 5.0;
				TEST_HOST = "$(BUILT_PRODUCTS_DIR)/Debloatfy.app/$(BUNDLE_EXECUTABLE_FOLDER_PATH)/Debloatfy";
			};
			name = Release;
		};
/* End XCBuildConfiguration section */

/* Begin XCConfigurationList section */
		1FDCD5AC2D5CCA920036B15F /* Build configuration list for PBXProject "Debloatfy" */ = {
			isa = XCConfigurationList;
			buildConfigurations = (
				1FDCD5D42D5CCA930036B15F /* Debug */,
				1FDCD5D52D5CCA930036B15F /* Release */,
			);
			defaultConfigurationIsVisible = 0;
			defaultConfigurationName = Release;
		};
		1FDCD5D62D5CCA930036B15F /* Build configuration list for PBXNativeTarget "Debloatfy" */ = {
			isa = XCConfigurationList;
			buildConfigurations = (
				1FDCD5D72D5CCA930036B15F /* Debug */,
				1FDCD5D82D5CCA930036B15F /* Release */,
			);
			defaultConfigurationIsVisible = 0;
			defaultConfigurationName = Release;
		};
		1FDCD5D92D5CCA930036B15F /* Build configuration list for PBXNativeTarget "Tests" */ = {
			isa = XCConfigurationList;
			buildConfigurations = (
				1FDCD5DA2D5CCA930036B15F /* Debug */,
				1FDCD5DB2D5CCA930036B15F /* Release */,
			);
			defaultConfigurationIsVisible = 0;
			defaultConfigurationName = Release;
		};
/* End XCConfigurationList section */
	};
	rootObject = 1FDCD5A92D5CCA920036B15F /* Project object */;
}
