// !$*UTF8*$!
{
	archiveVersion = 1;
	classes = {
	};
	objectVersion = 77;
	objects = {

/* Begin PBXBuildFile section */
		1F1C93FF2D5E54F0008B6E19 /* Font+Extension.swift in Sources */ = {isa = PBXBuildFile; fileRef = 1F1C93FE2D5E54E9008B6E19 /* Font+Extension.swift */; };
		1F1C940A2D5FC848008B6E19 /* SidebarView.swift in Sources */ = {isa = PBXBuildFile; fileRef = 1F1C94092D5FC848008B6E19 /* SidebarView.swift */; };
		1F1C940C2D5FC8C6008B6E19 /* LayoutModel.swift in Sources */ = {isa = PBXBuildFile; fileRef = 1F1C940B2D5FC8C2008B6E19 /* LayoutModel.swift */; };
		1F1C940E2D5FC9D6008B6E19 /* LayoutVM.swift in Sources */ = {isa = PBXBuildFile; fileRef = 1F1C940D2D5FC9D6008B6E19 /* LayoutVM.swift */; };
		1F1C94112D5FEEB1008B6E19 /* NavigationItemView.swift in Sources */ = {isa = PBXBuildFile; fileRef = 1F1C94102D5FEEB1008B6E19 /* NavigationItemView.swift */; };
		1F1C94132D60C5B6008B6E19 /* EnvironmentValues+Extension.swift in Sources */ = {isa = PBXBuildFile; fileRef = 1F1C94122D60C5B1008B6E19 /* EnvironmentValues+Extension.swift */; };
		1F1C94192D60D6A6008B6E19 /* LayoutView.swift in Sources */ = {isa = PBXBuildFile; fileRef = 1F1C94182D60D6A6008B6E19 /* LayoutView.swift */; };
		1F1C941F2D6608EC008B6E19 /* AboutView.swift in Sources */ = {isa = PBXBuildFile; fileRef = 1F1C941E2D6608EC008B6E19 /* AboutView.swift */; };
		1F1C94252D660944008B6E19 /* OverviewView.swift in Sources */ = {isa = PBXBuildFile; fileRef = 1F1C94242D660944008B6E19 /* OverviewView.swift */; };
		1F1C943C2D660A30008B6E19 /* DebloatView.swift in Sources */ = {isa = PBXBuildFile; fileRef = 1F1C943B2D660A30008B6E19 /* DebloatView.swift */; };
		1F1C943E2D660A41008B6E19 /* BackupView.swift in Sources */ = {isa = PBXBuildFile; fileRef = 1F1C943D2D660A41008B6E19 /* BackupView.swift */; };
		1F1C94402D660A5F008B6E19 /* RestoreView.swift in Sources */ = {isa = PBXBuildFile; fileRef = 1F1C943F2D660A5F008B6E19 /* RestoreView.swift */; };
		1F1C94422D660AB2008B6E19 /* ADBView.swift in Sources */ = {isa = PBXBuildFile; fileRef = 1F1C94412D660AB2008B6E19 /* ADBView.swift */; };
		1F1C94452D660ACE008B6E19 /* DebuggingView.swift in Sources */ = {isa = PBXBuildFile; fileRef = 1F1C94442D660ACE008B6E19 /* DebuggingView.swift */; };
		1F1C94482D660BDA008B6E19 /* PageMod.swift in Sources */ = {isa = PBXBuildFile; fileRef = 1F1C94472D660BD4008B6E19 /* PageMod.swift */; };
		1F1C94522D66B992008B6E19 /* AppMod.swift in Sources */ = {isa = PBXBuildFile; fileRef = 1F1C94512D66B98F008B6E19 /* AppMod.swift */; };
		1F1C94542D67E826008B6E19 /* SocialItemView.swift in Sources */ = {isa = PBXBuildFile; fileRef = 1F1C94532D67E826008B6E19 /* SocialItemView.swift */; };
		1F1C94572D67ECC0008B6E19 /* NavigationSectionView.swift in Sources */ = {isa = PBXBuildFile; fileRef = 1F1C94562D67ECC0008B6E19 /* NavigationSectionView.swift */; };
		1F1C945A2D67EE24008B6E19 /* SocialSectionView.swift in Sources */ = {isa = PBXBuildFile; fileRef = 1F1C94592D67EE24008B6E19 /* SocialSectionView.swift */; };
		1F1C945D2D6800C0008B6E19 /* OthersSectionView.swift in Sources */ = {isa = PBXBuildFile; fileRef = 1F1C945C2D6800C0008B6E19 /* OthersSectionView.swift */; };
		1F1C94612D680121008B6E19 /* ThemeButtonView.swift in Sources */ = {isa = PBXBuildFile; fileRef = 1F1C94602D680121008B6E19 /* ThemeButtonView.swift */; };
		1F992E702D6B967800DCC645 /* Routable.swift in Sources */ = {isa = PBXBuildFile; fileRef = 1F992E6F2D6B967400DCC645 /* Routable.swift */; };
		1F992E722D6B986C00DCC645 /* Router.swift in Sources */ = {isa = PBXBuildFile; fileRef = 1F992E712D6B986A00DCC645 /* Router.swift */; };
		1F992E792D6BCCBF00DCC645 /* PageTransitionMod.swift in Sources */ = {isa = PBXBuildFile; fileRef = 1F992E782D6BCCB800DCC645 /* PageTransitionMod.swift */; };
		1F992E7B2D6BF04B00DCC645 /* ColorSchemeTransition.swift in Sources */ = {isa = PBXBuildFile; fileRef = 1F992E7A2D6BF04300DCC645 /* ColorSchemeTransition.swift */; };
		1FDCD5E12D5DFDA00036B15F /* DebloatfyTests.swift in Sources */ = {isa = PBXBuildFile; fileRef = 1FDCD5DF2D5DFDA00036B15F /* DebloatfyTests.swift */; };
		1FDCD5EA2D5DFE740036B15F /* DebloatfyApp.swift in Sources */ = {isa = PBXBuildFile; fileRef = 1FDCD5E72D5DFE740036B15F /* DebloatfyApp.swift */; };
		1FDCD5EB2D5DFE740036B15F /* Preview Assets.xcassets in Resources */ = {isa = PBXBuildFile; fileRef = 1FDCD5E22D5DFE740036B15F /* Preview Assets.xcassets */; };
		1FDCD5EC2D5DFE740036B15F /* Assets.xcassets in Resources */ = {isa = PBXBuildFile; fileRef = 1FDCD5E42D5DFE740036B15F /* Assets.xcassets */; };
		1FDCD5F72D5E03EB0036B15F /* EndPoint.swift in Sources */ = {isa = PBXBuildFile; fileRef = 1FDCD5F62D5E03DD0036B15F /* EndPoint.swift */; };
		1FDCD5FA2D5E04180036B15F /* RequestMethod.swift in Sources */ = {isa = PBXBuildFile; fileRef = 1FDCD5F92D5E04140036B15F /* RequestMethod.swift */; };
		1FDCD5FC2D5E042E0036B15F /* NetworkError.swift in Sources */ = {isa = PBXBuildFile; fileRef = 1FDCD5FB2D5E042A0036B15F /* NetworkError.swift */; };
		1FDCD5FE2D5E04490036B15F /* Networkable.swift in Sources */ = {isa = PBXBuildFile; fileRef = 1FDCD5FD2D5E04460036B15F /* Networkable.swift */; };
		1FDCD6032D5E04F40036B15F /* GlobalEnums.swift in Sources */ = {isa = PBXBuildFile; fileRef = 1FDCD6022D5E04F10036B15F /* GlobalEnums.swift */; };
		1FDCD6092D5E0A6F0036B15F /* Nunito-Variable.ttf in Resources */ = {isa = PBXBuildFile; fileRef = 1FDCD6082D5E0A6F0036B15F /* Nunito-Variable.ttf */; };
		1FDCD60A2D5E0A6F0036B15F /* Nunito-Variable.ttf in Resources */ = {isa = PBXBuildFile; fileRef = 1FDCD6082D5E0A6F0036B15F /* Nunito-Variable.ttf */; };
		1FF986AC2D7045FA0008BDA3 /* Mockable.swift in Sources */ = {isa = PBXBuildFile; fileRef = 1FF986AB2D7045F50008BDA3 /* Mockable.swift */; };
		1FF986AE2D7068DA0008BDA3 /* PreviewMod.swift in Sources */ = {isa = PBXBuildFile; fileRef = 1FF986AD2D7068D60008BDA3 /* PreviewMod.swift */; };
		1FF986B22D7191AC0008BDA3 /* InfoView.swift in Sources */ = {isa = PBXBuildFile; fileRef = 1FF986B12D7191AC0008BDA3 /* InfoView.swift */; };
		1FF986C22D731A350008BDA3 /* SectionMod.swift in Sources */ = {isa = PBXBuildFile; fileRef = 1FF986C12D731A330008BDA3 /* SectionMod.swift */; };
		1FF986C62D731BB10008BDA3 /* InfoDetailView.swift in Sources */ = {isa = PBXBuildFile; fileRef = 1FF986C52D731BB10008BDA3 /* InfoDetailView.swift */; };
		1FF986C82D7329FC0008BDA3 /* ThemeSwitchView.swift in Sources */ = {isa = PBXBuildFile; fileRef = 1FF986C72D7329FC0008BDA3 /* ThemeSwitchView.swift */; };
		1FF986CE2D746C300008BDA3 /* ThemeIconView.swift in Sources */ = {isa = PBXBuildFile; fileRef = 1FF986CD2D746C300008BDA3 /* ThemeIconView.swift */; };
		1FF986D02D748B970008BDA3 /* AppInfo.swift in Sources */ = {isa = PBXBuildFile; fileRef = 1FF986CF2D748B930008BDA3 /* AppInfo.swift */; };
		1FF986D22D7592200008BDA3 /* InfoPurposeView.swift in Sources */ = {isa = PBXBuildFile; fileRef = 1FF986D12D7592200008BDA3 /* InfoPurposeView.swift */; };
/* End PBXBuildFile section */

/* Begin PBXContainerItemProxy section */
		1FDCD5C32D5CCA930036B15F /* PBXContainerItemProxy */ = {
			isa = PBXContainerItemProxy;
			containerPortal = 1FDCD5A92D5CCA920036B15F /* Project object */;
			proxyType = 1;
			remoteGlobalIDString = 1FDCD5B02D5CCA920036B15F;
			remoteInfo = Debloatfy;
		};
/* End PBXContainerItemProxy section */

/* Begin PBXFileReference section */
		1F1C93FC2D5E0C9A008B6E19 /* Tests.xctest */ = {isa = PBXFileReference; explicitFileType = wrapper.cfbundle; includeInIndex = 0; path = Tests.xctest; sourceTree = BUILT_PRODUCTS_DIR; };
		1F1C93FE2D5E54E9008B6E19 /* Font+Extension.swift */ = {isa = PBXFileReference; lastKnownFileType = sourcecode.swift; path = "Font+Extension.swift"; sourceTree = "<group>"; };
		1F1C94092D5FC848008B6E19 /* SidebarView.swift */ = {isa = PBXFileReference; lastKnownFileType = sourcecode.swift; path = SidebarView.swift; sourceTree = "<group>"; };
		1F1C940B2D5FC8C2008B6E19 /* LayoutModel.swift */ = {isa = PBXFileReference; lastKnownFileType = sourcecode.swift; path = LayoutModel.swift; sourceTree = "<group>"; };
		1F1C940D2D5FC9D6008B6E19 /* LayoutVM.swift */ = {isa = PBXFileReference; lastKnownFileType = sourcecode.swift; path = LayoutVM.swift; sourceTree = "<group>"; };
		1F1C94102D5FEEB1008B6E19 /* NavigationItemView.swift */ = {isa = PBXFileReference; lastKnownFileType = sourcecode.swift; path = NavigationItemView.swift; sourceTree = "<group>"; };
		1F1C94122D60C5B1008B6E19 /* EnvironmentValues+Extension.swift */ = {isa = PBXFileReference; lastKnownFileType = sourcecode.swift; path = "EnvironmentValues+Extension.swift"; sourceTree = "<group>"; };
		1F1C94182D60D6A6008B6E19 /* LayoutView.swift */ = {isa = PBXFileReference; lastKnownFileType = sourcecode.swift; path = LayoutView.swift; sourceTree = "<group>"; };
		1F1C941E2D6608EC008B6E19 /* AboutView.swift */ = {isa = PBXFileReference; lastKnownFileType = sourcecode.swift; path = AboutView.swift; sourceTree = "<group>"; };
		1F1C94242D660944008B6E19 /* OverviewView.swift */ = {isa = PBXFileReference; lastKnownFileType = sourcecode.swift; path = OverviewView.swift; sourceTree = "<group>"; };
		1F1C943B2D660A30008B6E19 /* DebloatView.swift */ = {isa = PBXFileReference; lastKnownFileType = sourcecode.swift; path = DebloatView.swift; sourceTree = "<group>"; };
		1F1C943D2D660A41008B6E19 /* BackupView.swift */ = {isa = PBXFileReference; lastKnownFileType = sourcecode.swift; path = BackupView.swift; sourceTree = "<group>"; };
		1F1C943F2D660A5F008B6E19 /* RestoreView.swift */ = {isa = PBXFileReference; lastKnownFileType = sourcecode.swift; path = RestoreView.swift; sourceTree = "<group>"; };
		1F1C94412D660AB2008B6E19 /* ADBView.swift */ = {isa = PBXFileReference; lastKnownFileType = sourcecode.swift; path = ADBView.swift; sourceTree = "<group>"; };
		1F1C94442D660ACE008B6E19 /* DebuggingView.swift */ = {isa = PBXFileReference; lastKnownFileType = sourcecode.swift; path = DebuggingView.swift; sourceTree = "<group>"; };
		1F1C94472D660BD4008B6E19 /* PageMod.swift */ = {isa = PBXFileReference; lastKnownFileType = sourcecode.swift; path = PageMod.swift; sourceTree = "<group>"; };
		1F1C94512D66B98F008B6E19 /* AppMod.swift */ = {isa = PBXFileReference; lastKnownFileType = sourcecode.swift; path = AppMod.swift; sourceTree = "<group>"; };
		1F1C94532D67E826008B6E19 /* SocialItemView.swift */ = {isa = PBXFileReference; lastKnownFileType = sourcecode.swift; path = SocialItemView.swift; sourceTree = "<group>"; };
		1F1C94562D67ECC0008B6E19 /* NavigationSectionView.swift */ = {isa = PBXFileReference; lastKnownFileType = sourcecode.swift; path = NavigationSectionView.swift; sourceTree = "<group>"; };
		1F1C94592D67EE24008B6E19 /* SocialSectionView.swift */ = {isa = PBXFileReference; lastKnownFileType = sourcecode.swift; path = SocialSectionView.swift; sourceTree = "<group>"; };
		1F1C945C2D6800C0008B6E19 /* OthersSectionView.swift */ = {isa = PBXFileReference; lastKnownFileType = sourcecode.swift; path = OthersSectionView.swift; sourceTree = "<group>"; };
		1F1C94602D680121008B6E19 /* ThemeButtonView.swift */ = {isa = PBXFileReference; lastKnownFileType = sourcecode.swift; path = ThemeButtonView.swift; sourceTree = "<group>"; };
		1F992E6F2D6B967400DCC645 /* Routable.swift */ = {isa = PBXFileReference; lastKnownFileType = sourcecode.swift; path = Routable.swift; sourceTree = "<group>"; };
		1F992E712D6B986A00DCC645 /* Router.swift */ = {isa = PBXFileReference; lastKnownFileType = sourcecode.swift; path = Router.swift; sourceTree = "<group>"; };
		1F992E782D6BCCB800DCC645 /* PageTransitionMod.swift */ = {isa = PBXFileReference; lastKnownFileType = sourcecode.swift; path = PageTransitionMod.swift; sourceTree = "<group>"; };
		1F992E7A2D6BF04300DCC645 /* ColorSchemeTransition.swift */ = {isa = PBXFileReference; lastKnownFileType = sourcecode.swift; path = ColorSchemeTransition.swift; sourceTree = "<group>"; };
		1FDCD5DF2D5DFDA00036B15F /* DebloatfyTests.swift */ = {isa = PBXFileReference; lastKnownFileType = sourcecode.swift; path = DebloatfyTests.swift; sourceTree = "<group>"; };
		1FDCD5E22D5DFE740036B15F /* Preview Assets.xcassets */ = {isa = PBXFileReference; lastKnownFileType = folder.assetcatalog; path = "Preview Assets.xcassets"; sourceTree = "<group>"; };
		1FDCD5E42D5DFE740036B15F /* Assets.xcassets */ = {isa = PBXFileReference; lastKnownFileType = folder.assetcatalog; path = Assets.xcassets; sourceTree = "<group>"; };
		1FDCD5E62D5DFE740036B15F /* Debloatfy.entitlements */ = {isa = PBXFileReference; lastKnownFileType = text.plist.entitlements; path = Debloatfy.entitlements; sourceTree = "<group>"; };
		1FDCD5E72D5DFE740036B15F /* DebloatfyApp.swift */ = {isa = PBXFileReference; lastKnownFileType = sourcecode.swift; path = DebloatfyApp.swift; sourceTree = "<group>"; };
		1FDCD5F12D5E01730036B15F /* .gitignore */ = {isa = PBXFileReference; lastKnownFileType = text; path = .gitignore; sourceTree = "<group>"; };
		1FDCD5F22D5E02240036B15F /* Debloatfy.app */ = {isa = PBXFileReference; explicitFileType = wrapper.application; includeInIndex = 0; path = Debloatfy.app; sourceTree = BUILT_PRODUCTS_DIR; };
		1FDCD5F62D5E03DD0036B15F /* EndPoint.swift */ = {isa = PBXFileReference; lastKnownFileType = sourcecode.swift; path = EndPoint.swift; sourceTree = "<group>"; };
		1FDCD5F92D5E04140036B15F /* RequestMethod.swift */ = {isa = PBXFileReference; lastKnownFileType = sourcecode.swift; path = RequestMethod.swift; sourceTree = "<group>"; };
		1FDCD5FB2D5E042A0036B15F /* NetworkError.swift */ = {isa = PBXFileReference; lastKnownFileType = sourcecode.swift; path = NetworkError.swift; sourceTree = "<group>"; };
		1FDCD5FD2D5E04460036B15F /* Networkable.swift */ = {isa = PBXFileReference; lastKnownFileType = sourcecode.swift; path = Networkable.swift; sourceTree = "<group>"; };
		1FDCD6022D5E04F10036B15F /* GlobalEnums.swift */ = {isa = PBXFileReference; lastKnownFileType = sourcecode.swift; path = GlobalEnums.swift; sourceTree = "<group>"; };
		1FDCD6082D5E0A6F0036B15F /* Nunito-Variable.ttf */ = {isa = PBXFileReference; lastKnownFileType = file; path = "Nunito-Variable.ttf"; sourceTree = "<group>"; };
		1FDCD60B2D5E0B040036B15F /* Debloatfy-Info.plist */ = {isa = PBXFileReference; lastKnownFileType = text.plist.xml; path = "Debloatfy-Info.plist"; sourceTree = "<group>"; };
		1FF986AB2D7045F50008BDA3 /* Mockable.swift */ = {isa = PBXFileReference; lastKnownFileType = sourcecode.swift; path = Mockable.swift; sourceTree = "<group>"; };
		1FF986AD2D7068D60008BDA3 /* PreviewMod.swift */ = {isa = PBXFileReference; lastKnownFileType = sourcecode.swift; path = PreviewMod.swift; sourceTree = "<group>"; };
		1FF986B12D7191AC0008BDA3 /* InfoView.swift */ = {isa = PBXFileReference; lastKnownFileType = sourcecode.swift; path = InfoView.swift; sourceTree = "<group>"; };
		1FF986C12D731A330008BDA3 /* SectionMod.swift */ = {isa = PBXFileReference; lastKnownFileType = sourcecode.swift; path = SectionMod.swift; sourceTree = "<group>"; };
		1FF986C52D731BB10008BDA3 /* InfoDetailView.swift */ = {isa = PBXFileReference; lastKnownFileType = sourcecode.swift; path = InfoDetailView.swift; sourceTree = "<group>"; };
		1FF986C72D7329FC0008BDA3 /* ThemeSwitchView.swift */ = {isa = PBXFileReference; lastKnownFileType = sourcecode.swift; path = ThemeSwitchView.swift; sourceTree = "<group>"; };
		1FF986CD2D746C300008BDA3 /* ThemeIconView.swift */ = {isa = PBXFileReference; lastKnownFileType = sourcecode.swift; path = ThemeIconView.swift; sourceTree = "<group>"; };
		1FF986CF2D748B930008BDA3 /* AppInfo.swift */ = {isa = PBXFileReference; lastKnownFileType = sourcecode.swift; path = AppInfo.swift; sourceTree = "<group>"; };
		1FF986D12D7592200008BDA3 /* InfoPurposeView.swift */ = {isa = PBXFileReference; lastKnownFileType = sourcecode.swift; path = InfoPurposeView.swift; sourceTree = "<group>"; };
/* End PBXFileReference section */

/* Begin PBXFrameworksBuildPhase section */
		1FDCD5AE2D5CCA920036B15F /* Frameworks */ = {
			isa = PBXFrameworksBuildPhase;
			buildActionMask = 2147483647;
			files = (
			);
			runOnlyForDeploymentPostprocessing = 0;
		};
		1FDCD5BF2D5CCA930036B15F /* Frameworks */ = {
			isa = PBXFrameworksBuildPhase;
			buildActionMask = 2147483647;
			files = (
			);
			runOnlyForDeploymentPostprocessing = 0;
		};
/* End PBXFrameworksBuildPhase section */

/* Begin PBXGroup section */
		1F1C94012D5FB7E3008B6E19 /* About */ = {
			isa = PBXGroup;
			children = (
				1F1C94032D5FB7F0008B6E19 /* View */,
			);
			path = About;
			sourceTree = "<group>";
		};
		1F1C94032D5FB7F0008B6E19 /* View */ = {
			isa = PBXGroup;
			children = (
				1FF986AF2D7191780008BDA3 /* Info Section */,
				1F1C941E2D6608EC008B6E19 /* AboutView.swift */,
			);
			path = View;
			sourceTree = "<group>";
		};
		1F1C94052D5FC81E008B6E19 /* Sidebar */ = {
			isa = PBXGroup;
			children = (
				1F1C945B2D6800AB008B6E19 /* Others Section */,
				1F1C94582D67ED64008B6E19 /* Social Section */,
				1F1C94552D67ECA2008B6E19 /* Navigation Section */,
				1F1C94092D5FC848008B6E19 /* SidebarView.swift */,
			);
			path = Sidebar;
			sourceTree = "<group>";
		};
		1F1C94142D60D67F008B6E19 /* Layout */ = {
			isa = PBXGroup;
			children = (
				1F1C94172D60D699008B6E19 /* Model */,
				1F1C94162D60D694008B6E19 /* View */,
				1F1C94152D60D68B008B6E19 /* ViewModel */,
			);
			path = Layout;
			sourceTree = "<group>";
		};
		1F1C94152D60D68B008B6E19 /* ViewModel */ = {
			isa = PBXGroup;
			children = (
				1F1C940D2D5FC9D6008B6E19 /* LayoutVM.swift */,
			);
			path = ViewModel;
			sourceTree = "<group>";
		};
		1F1C94162D60D694008B6E19 /* View */ = {
			isa = PBXGroup;
			children = (
				1F1C94052D5FC81E008B6E19 /* Sidebar */,
				1F1C94182D60D6A6008B6E19 /* LayoutView.swift */,
			);
			path = View;
			sourceTree = "<group>";
		};
		1F1C94172D60D699008B6E19 /* Model */ = {
			isa = PBXGroup;
			children = (
				1F1C940B2D5FC8C2008B6E19 /* LayoutModel.swift */,
			);
			path = Model;
			sourceTree = "<group>";
		};
		1F1C94202D660925008B6E19 /* Overview */ = {
			isa = PBXGroup;
			children = (
				1F1C94232D660937008B6E19 /* Model */,
				1F1C94222D660932008B6E19 /* View */,
				1F1C94212D66092C008B6E19 /* ViewModel */,
			);
			path = Overview;
			sourceTree = "<group>";
		};
		1F1C94212D66092C008B6E19 /* ViewModel */ = {
			isa = PBXGroup;
			children = (
			);
			path = ViewModel;
			sourceTree = "<group>";
		};
		1F1C94222D660932008B6E19 /* View */ = {
			isa = PBXGroup;
			children = (
				1F1C94242D660944008B6E19 /* OverviewView.swift */,
			);
			path = View;
			sourceTree = "<group>";
		};
		1F1C94232D660937008B6E19 /* Model */ = {
			isa = PBXGroup;
			children = (
			);
			path = Model;
			sourceTree = "<group>";
		};
		1F1C94262D660952008B6E19 /* Debloat */ = {
			isa = PBXGroup;
			children = (
				1F1C94292D66096A008B6E19 /* Model */,
				1F1C94282D660966008B6E19 /* View */,
				1F1C94272D66095A008B6E19 /* ViewModel */,
			);
			path = Debloat;
			sourceTree = "<group>";
		};
		1F1C94272D66095A008B6E19 /* ViewModel */ = {
			isa = PBXGroup;
			children = (
			);
			path = ViewModel;
			sourceTree = "<group>";
		};
		1F1C94282D660966008B6E19 /* View */ = {
			isa = PBXGroup;
			children = (
				1F1C943B2D660A30008B6E19 /* DebloatView.swift */,
			);
			path = View;
			sourceTree = "<group>";
		};
		1F1C94292D66096A008B6E19 /* Model */ = {
			isa = PBXGroup;
			children = (
			);
			path = Model;
			sourceTree = "<group>";
		};
		1F1C942A2D660970008B6E19 /* Transfer */ = {
			isa = PBXGroup;
			children = (
				1F1C942C2D66097F008B6E19 /* Model */,
				1F1C942D2D66097F008B6E19 /* View */,
				1F1C942E2D66097F008B6E19 /* ViewModel */,
			);
			path = Transfer;
			sourceTree = "<group>";
		};
		1F1C942B2D660976008B6E19 /* Restore */ = {
			isa = PBXGroup;
			children = (
				1F1C942F2D660981008B6E19 /* Model */,
				1F1C94302D660981008B6E19 /* View */,
				1F1C94312D660981008B6E19 /* ViewModel */,
			);
			path = Restore;
			sourceTree = "<group>";
		};
		1F1C942C2D66097F008B6E19 /* Model */ = {
			isa = PBXGroup;
			children = (
			);
			path = Model;
			sourceTree = "<group>";
		};
		1F1C942D2D66097F008B6E19 /* View */ = {
			isa = PBXGroup;
			children = (
				1F1C943D2D660A41008B6E19 /* BackupView.swift */,
			);
			path = View;
			sourceTree = "<group>";
		};
		1F1C942E2D66097F008B6E19 /* ViewModel */ = {
			isa = PBXGroup;
			children = (
			);
			path = ViewModel;
			sourceTree = "<group>";
		};
		1F1C942F2D660981008B6E19 /* Model */ = {
			isa = PBXGroup;
			children = (
			);
			path = Model;
			sourceTree = "<group>";
		};
		1F1C94302D660981008B6E19 /* View */ = {
			isa = PBXGroup;
			children = (
				1F1C943F2D660A5F008B6E19 /* RestoreView.swift */,
			);
			path = View;
			sourceTree = "<group>";
		};
		1F1C94312D660981008B6E19 /* ViewModel */ = {
			isa = PBXGroup;
			children = (
			);
			path = ViewModel;
			sourceTree = "<group>";
		};
		1F1C94322D660989008B6E19 /* ADB */ = {
			isa = PBXGroup;
			children = (
				1F1C94342D6609C8008B6E19 /* Model */,
				1F1C94352D6609C8008B6E19 /* View */,
				1F1C94362D6609C8008B6E19 /* ViewModel */,
			);
			path = ADB;
			sourceTree = "<group>";
		};
		1F1C94332D6609C2008B6E19 /* Debugging */ = {
			isa = PBXGroup;
			children = (
				1F1C94382D660A04008B6E19 /* Model */,
				1F1C94392D660A04008B6E19 /* View */,
				1F1C943A2D660A04008B6E19 /* ViewModel */,
			);
			path = Debugging;
			sourceTree = "<group>";
		};
		1F1C94342D6609C8008B6E19 /* Model */ = {
			isa = PBXGroup;
			children = (
			);
			path = Model;
			sourceTree = "<group>";
		};
		1F1C94352D6609C8008B6E19 /* View */ = {
			isa = PBXGroup;
			children = (
				1F1C94412D660AB2008B6E19 /* ADBView.swift */,
			);
			path = View;
			sourceTree = "<group>";
		};
		1F1C94362D6609C8008B6E19 /* ViewModel */ = {
			isa = PBXGroup;
			children = (
			);
			path = ViewModel;
			sourceTree = "<group>";
		};
		1F1C94382D660A04008B6E19 /* Model */ = {
			isa = PBXGroup;
			children = (
			);
			path = Model;
			sourceTree = "<group>";
		};
		1F1C94392D660A04008B6E19 /* View */ = {
			isa = PBXGroup;
			children = (
				1F1C94442D660ACE008B6E19 /* DebuggingView.swift */,
			);
			path = View;
			sourceTree = "<group>";
		};
		1F1C943A2D660A04008B6E19 /* ViewModel */ = {
			isa = PBXGroup;
			children = (
			);
			path = ViewModel;
			sourceTree = "<group>";
		};
		1F1C94462D660BA9008B6E19 /* ViewModifiers */ = {
			isa = PBXGroup;
			children = (
				1FF986C12D731A330008BDA3 /* SectionMod.swift */,
				1FF986AD2D7068D60008BDA3 /* PreviewMod.swift */,
				1F992E7A2D6BF04300DCC645 /* ColorSchemeTransition.swift */,
				1F992E782D6BCCB800DCC645 /* PageTransitionMod.swift */,
				1F1C94512D66B98F008B6E19 /* AppMod.swift */,
				1F1C94472D660BD4008B6E19 /* PageMod.swift */,
			);
			path = ViewModifiers;
			sourceTree = "<group>";
		};
		1F1C94552D67ECA2008B6E19 /* Navigation Section */ = {
			isa = PBXGroup;
			children = (
				1F1C94102D5FEEB1008B6E19 /* NavigationItemView.swift */,
				1F1C94562D67ECC0008B6E19 /* NavigationSectionView.swift */,
			);
			path = "Navigation Section";
			sourceTree = "<group>";
		};
		1F1C94582D67ED64008B6E19 /* Social Section */ = {
			isa = PBXGroup;
			children = (
				1F1C94532D67E826008B6E19 /* SocialItemView.swift */,
				1F1C94592D67EE24008B6E19 /* SocialSectionView.swift */,
			);
			path = "Social Section";
			sourceTree = "<group>";
		};
		1F1C945B2D6800AB008B6E19 /* Others Section */ = {
			isa = PBXGroup;
			children = (
				1F1C945C2D6800C0008B6E19 /* OthersSectionView.swift */,
			);
			path = "Others Section";
			sourceTree = "<group>";
		};
		1F1C945E2D680105008B6E19 /* Componets */ = {
			isa = PBXGroup;
			children = (
				1F1C945F2D680110008B6E19 /* Theme Switch */,
			);
			path = Componets;
			sourceTree = "<group>";
		};
		1F1C945F2D680110008B6E19 /* Theme Switch */ = {
			isa = PBXGroup;
			children = (
				1F1C94602D680121008B6E19 /* ThemeButtonView.swift */,
				1FF986C72D7329FC0008BDA3 /* ThemeSwitchView.swift */,
				1FF986CD2D746C300008BDA3 /* ThemeIconView.swift */,
			);
			path = "Theme Switch";
			sourceTree = "<group>";
		};
		1F992E632D6B92B600DCC645 /* Routing */ = {
			isa = PBXGroup;
			children = (
				1F992E712D6B986A00DCC645 /* Router.swift */,
				1F992E6F2D6B967400DCC645 /* Routable.swift */,
			);
			path = Routing;
			sourceTree = "<group>";
		};
		1FDCD5A82D5CCA920036B15F = {
			isa = PBXGroup;
			children = (
				1FDCD5F12D5E01730036B15F /* .gitignore */,
				1FDCD5F22D5E02240036B15F /* Debloatfy.app */,
				1FDCD5E82D5DFE740036B15F /* Sources */,
				1FDCD5E02D5DFDA00036B15F /* Tests */,
				1F1C93FC2D5E0C9A008B6E19 /* Tests.xctest */,
			);
			sourceTree = "<group>";
		};
		1FDCD5E02D5DFDA00036B15F /* Tests */ = {
			isa = PBXGroup;
			children = (
				1FDCD5DF2D5DFDA00036B15F /* DebloatfyTests.swift */,
			);
			path = Tests;
			sourceTree = "<group>";
		};
		1FDCD5E32D5DFE740036B15F /* Preview Content */ = {
			isa = PBXGroup;
			children = (
				1FDCD5E22D5DFE740036B15F /* Preview Assets.xcassets */,
			);
			path = "Preview Content";
			sourceTree = "<group>";
		};
		1FDCD5E82D5DFE740036B15F /* Sources */ = {
			isa = PBXGroup;
			children = (
				1FDCD5EF2D5DFFC90036B15F /* Application */,
				1FDCD5EE2D5DFFC40036B15F /* Core */,
				1FDCD5F02D5E003F0036B15F /* Resources */,
				1FDCD5ED2D5DFFB50036B15F /* Scenes */,
			);
			path = Sources;
			sourceTree = "<group>";
		};
		1FDCD5ED2D5DFFB50036B15F /* Scenes */ = {
			isa = PBXGroup;
			children = (
				1F1C94332D6609C2008B6E19 /* Debugging */,
				1F1C94322D660989008B6E19 /* ADB */,
				1F1C942B2D660976008B6E19 /* Restore */,
				1F1C942A2D660970008B6E19 /* Transfer */,
				1F1C94262D660952008B6E19 /* Debloat */,
				1F1C94202D660925008B6E19 /* Overview */,
				1F1C94142D60D67F008B6E19 /* Layout */,
				1F1C94012D5FB7E3008B6E19 /* About */,
			);
			path = Scenes;
			sourceTree = "<group>";
		};
		1FDCD5EE2D5DFFC40036B15F /* Core */ = {
			isa = PBXGroup;
			children = (
				1F1C945E2D680105008B6E19 /* Componets */,
				1FDCD6012D5E04EB0036B15F /* Constans */,
				1FDCD6002D5E04C70036B15F /* Extensions */,
				1FF986B72D7198770008BDA3 /* Helpers */,
				1FDCD5F32D5E03BE0036B15F /* Network */,
				1FF986AA2D7045CA0008BDA3 /* Protocols */,
				1F992E632D6B92B600DCC645 /* Routing */,
				1F1C94462D660BA9008B6E19 /* ViewModifiers */,
			);
			path = Core;
			sourceTree = "<group>";
		};
		1FDCD5EF2D5DFFC90036B15F /* Application */ = {
			isa = PBXGroup;
			children = (
				1FDCD5E62D5DFE740036B15F /* Debloatfy.entitlements */,
				1FDCD5E72D5DFE740036B15F /* DebloatfyApp.swift */,
			);
			path = Application;
			sourceTree = "<group>";
		};
		1FDCD5F02D5E003F0036B15F /* Resources */ = {
			isa = PBXGroup;
			children = (
				1FDCD5E42D5DFE740036B15F /* Assets.xcassets */,
				1FDCD60B2D5E0B040036B15F /* Debloatfy-Info.plist */,
				1FDCD6042D5E098D0036B15F /* Fonts */,
				1FDCD5E32D5DFE740036B15F /* Preview Content */,
			);
			path = Resources;
			sourceTree = "<group>";
		};
		1FDCD5F32D5E03BE0036B15F /* Network */ = {
			isa = PBXGroup;
			children = (
				1FDCD5F52D5E03D40036B15F /* Base */,
				1FDCD5F42D5E03C90036B15F /* Endpoints */,
			);
			path = Network;
			sourceTree = "<group>";
		};
		1FDCD5F42D5E03C90036B15F /* Endpoints */ = {
			isa = PBXGroup;
			children = (
			);
			path = Endpoints;
			sourceTree = "<group>";
		};
		1FDCD5F52D5E03D40036B15F /* Base */ = {
			isa = PBXGroup;
			children = (
				1FDCD5FD2D5E04460036B15F /* Networkable.swift */,
				1FDCD5FB2D5E042A0036B15F /* NetworkError.swift */,
				1FDCD5F92D5E04140036B15F /* RequestMethod.swift */,
				1FDCD5F62D5E03DD0036B15F /* EndPoint.swift */,
			);
			path = Base;
			sourceTree = "<group>";
		};
		1FDCD6002D5E04C70036B15F /* Extensions */ = {
			isa = PBXGroup;
			children = (
				1F1C94122D60C5B1008B6E19 /* EnvironmentValues+Extension.swift */,
				1F1C93FE2D5E54E9008B6E19 /* Font+Extension.swift */,
			);
			path = Extensions;
			sourceTree = "<group>";
		};
		1FDCD6012D5E04EB0036B15F /* Constans */ = {
			isa = PBXGroup;
			children = (
				1FDCD6022D5E04F10036B15F /* GlobalEnums.swift */,
			);
			path = Constans;
			sourceTree = "<group>";
		};
		1FDCD6042D5E098D0036B15F /* Fonts */ = {
			isa = PBXGroup;
			children = (
				1FDCD6082D5E0A6F0036B15F /* Nunito-Variable.ttf */,
			);
			path = Fonts;
			sourceTree = "<group>";
		};
		1FF986AA2D7045CA0008BDA3 /* Protocols */ = {
			isa = PBXGroup;
			children = (
				1FF986AB2D7045F50008BDA3 /* Mockable.swift */,
			);
			path = Protocols;
			sourceTree = "<group>";
		};
		1FF986AF2D7191780008BDA3 /* Info Section */ = {
			isa = PBXGroup;
			children = (
				1FF986B12D7191AC0008BDA3 /* InfoView.swift */,
				1FF986C52D731BB10008BDA3 /* InfoDetailView.swift */,
				1FF986D12D7592200008BDA3 /* InfoPurposeView.swift */,
			);
			path = "Info Section";
			sourceTree = "<group>";
		};
		1FF986B72D7198770008BDA3 /* Helpers */ = {
			isa = PBXGroup;
			children = (
				1FF986CF2D748B930008BDA3 /* AppInfo.swift */,
			);
			path = Helpers;
			sourceTree = "<group>";
		};
/* End PBXGroup section */

/* Begin PBXNativeTarget section */
		1FDCD5B02D5CCA920036B15F /* Debloatfy */ = {
			isa = PBXNativeTarget;
			buildConfigurationList = 1FDCD5D62D5CCA930036B15F /* Build configuration list for PBXNativeTarget "Debloatfy" */;
			buildPhases = (
				1FDCD5AD2D5CCA920036B15F /* Sources */,
				1F1C94002D5E63AB008B6E19 /* Automatically Terminate Old Instances */,
				1FDCD5AE2D5CCA920036B15F /* Frameworks */,
				1FDCD5AF2D5CCA920036B15F /* Resources */,
			);
			buildRules = (
			);
			dependencies = (
			);
			name = Debloatfy;
			packageProductDependencies = (
			);
			productName = Debloatfy;
			productReference = 1FDCD5F22D5E02240036B15F /* Debloatfy.app */;
			productType = "com.apple.product-type.application";
		};
		1FDCD5C12D5CCA930036B15F /* Tests */ = {
			isa = PBXNativeTarget;
			buildConfigurationList = 1FDCD5D92D5CCA930036B15F /* Build configuration list for PBXNativeTarget "Tests" */;
			buildPhases = (
				1FDCD5BE2D5CCA930036B15F /* Sources */,
				1FDCD5BF2D5CCA930036B15F /* Frameworks */,
				1FDCD5C02D5CCA930036B15F /* Resources */,
			);
			buildRules = (
			);
			dependencies = (
				1FDCD5C42D5CCA930036B15F /* PBXTargetDependency */,
			);
			name = Tests;
			packageProductDependencies = (
			);
			productName = DebloatfyTests;
			productReference = 1F1C93FC2D5E0C9A008B6E19 /* Tests.xctest */;
			productType = "com.apple.product-type.bundle.unit-test";
		};
/* End PBXNativeTarget section */

/* Begin PBXProject section */
		1FDCD5A92D5CCA920036B15F /* Project object */ = {
			isa = PBXProject;
			attributes = {
				BuildIndependentTargetsInParallel = 1;
				LastSwiftUpdateCheck = 1620;
				LastUpgradeCheck = 1620;
				TargetAttributes = {
					1FDCD5B02D5CCA920036B15F = {
						CreatedOnToolsVersion = 16.2;
					};
					1FDCD5C12D5CCA930036B15F = {
						CreatedOnToolsVersion = 16.2;
						TestTargetID = 1FDCD5B02D5CCA920036B15F;
					};
				};
			};
			buildConfigurationList = 1FDCD5AC2D5CCA920036B15F /* Build configuration list for PBXProject "Debloatfy" */;
			developmentRegion = en;
			hasScannedForEncodings = 0;
			knownRegions = (
				en,
				Base,
			);
			mainGroup = 1FDCD5A82D5CCA920036B15F;
			minimizedProjectReferenceProxies = 1;
			packageReferences = (
			);
			preferredProjectObjectVersion = 77;
			productRefGroup = 1FDCD5A82D5CCA920036B15F;
			projectDirPath = "";
			projectRoot = "";
			targets = (
				1FDCD5B02D5CCA920036B15F /* Debloatfy */,
				1FDCD5C12D5CCA930036B15F /* Tests */,
			);
		};
/* End PBXProject section */

/* Begin PBXResourcesBuildPhase section */
		1FDCD5AF2D5CCA920036B15F /* Resources */ = {
			isa = PBXResourcesBuildPhase;
			buildActionMask = 2147483647;
			files = (
				1FDCD5EB2D5DFE740036B15F /* Preview Assets.xcassets in Resources */,
				1FDCD60A2D5E0A6F0036B15F /* Nunito-Variable.ttf in Resources */,
				1FDCD5EC2D5DFE740036B15F /* Assets.xcassets in Resources */,
			);
			runOnlyForDeploymentPostprocessing = 0;
		};
		1FDCD5C02D5CCA930036B15F /* Resources */ = {
			isa = PBXResourcesBuildPhase;
			buildActionMask = 2147483647;
			files = (
				1FDCD6092D5E0A6F0036B15F /* Nunito-Variable.ttf in Resources */,
			);
			runOnlyForDeploymentPostprocessing = 0;
		};
/* End PBXResourcesBuildPhase section */

/* Begin PBXShellScriptBuildPhase section */
		1F1C94002D5E63AB008B6E19 /* Automatically Terminate Old Instances */ = {
			isa = PBXShellScriptBuildPhase;
			alwaysOutOfDate = 1;
			buildActionMask = 2147483647;
			files = (
			);
			inputFileListPaths = (
			);
			inputPaths = (
			);
			name = "Automatically Terminate Old Instances";
			outputFileListPaths = (
			);
			outputPaths = (
			);
			runOnlyForDeploymentPostprocessing = 0;
			shellPath = /bin/sh;
			shellScript = "# Type a script or drag a script file from your workspace to insert its path.\nkillall \"$PRODUCT_NAME\" || true\n";
		};
/* End PBXShellScriptBuildPhase section */

/* Begin PBXSourcesBuildPhase section */
		1FDCD5AD2D5CCA920036B15F /* Sources */ = {
			isa = PBXSourcesBuildPhase;
			buildActionMask = 2147483647;
			files = (
				1FF986C62D731BB10008BDA3 /* InfoDetailView.swift in Sources */,
				1FF986D02D748B970008BDA3 /* AppInfo.swift in Sources */,
				1F1C94542D67E826008B6E19 /* SocialItemView.swift in Sources */,
				1F1C945D2D6800C0008B6E19 /* OthersSectionView.swift in Sources */,
				1F1C945A2D67EE24008B6E19 /* SocialSectionView.swift in Sources */,
				1F1C94522D66B992008B6E19 /* AppMod.swift in Sources */,
				1F1C941F2D6608EC008B6E19 /* AboutView.swift in Sources */,
				1F1C94482D660BDA008B6E19 /* PageMod.swift in Sources */,
				1FDCD5FA2D5E04180036B15F /* RequestMethod.swift in Sources */,
				1F1C940E2D5FC9D6008B6E19 /* LayoutVM.swift in Sources */,
				1FDCD5F72D5E03EB0036B15F /* EndPoint.swift in Sources */,
				1F1C940A2D5FC848008B6E19 /* SidebarView.swift in Sources */,
				1FF986D22D7592200008BDA3 /* InfoPurposeView.swift in Sources */,
				1F992E7B2D6BF04B00DCC645 /* ColorSchemeTransition.swift in Sources */,
				1F1C94422D660AB2008B6E19 /* ADBView.swift in Sources */,
				1FF986CE2D746C300008BDA3 /* ThemeIconView.swift in Sources */,
				1F1C943C2D660A30008B6E19 /* DebloatView.swift in Sources */,
				1F1C94112D5FEEB1008B6E19 /* NavigationItemView.swift in Sources */,
				1FF986C82D7329FC0008BDA3 /* ThemeSwitchView.swift in Sources */,
				1F992E792D6BCCBF00DCC645 /* PageTransitionMod.swift in Sources */,
				1FF986B22D7191AC0008BDA3 /* InfoView.swift in Sources */,
				1FF986AE2D7068DA0008BDA3 /* PreviewMod.swift in Sources */,
				1FDCD5EA2D5DFE740036B15F /* DebloatfyApp.swift in Sources */,
				1FDCD5FE2D5E04490036B15F /* Networkable.swift in Sources */,
				1FDCD6032D5E04F40036B15F /* GlobalEnums.swift in Sources */,
				1F1C93FF2D5E54F0008B6E19 /* Font+Extension.swift in Sources */,
				1F1C940C2D5FC8C6008B6E19 /* LayoutModel.swift in Sources */,
				1F1C94132D60C5B6008B6E19 /* EnvironmentValues+Extension.swift in Sources */,
				1F1C94192D60D6A6008B6E19 /* LayoutView.swift in Sources */,
				1F992E702D6B967800DCC645 /* Routable.swift in Sources */,
				1F1C94402D660A5F008B6E19 /* RestoreView.swift in Sources */,
				1FF986AC2D7045FA0008BDA3 /* Mockable.swift in Sources */,
				1F992E722D6B986C00DCC645 /* Router.swift in Sources */,
				1FDCD5FC2D5E042E0036B15F /* NetworkError.swift in Sources */,
				1F1C94612D680121008B6E19 /* ThemeButtonView.swift in Sources */,
				1F1C943E2D660A41008B6E19 /* BackupView.swift in Sources */,
				1F1C94252D660944008B6E19 /* OverviewView.swift in Sources */,
				1F1C94572D67ECC0008B6E19 /* NavigationSectionView.swift in Sources */,
				1FF986C22D731A350008BDA3 /* SectionMod.swift in Sources */,
				1F1C94452D660ACE008B6E19 /* DebuggingView.swift in Sources */,
			);
			runOnlyForDeploymentPostprocessing = 0;
		};
		1FDCD5BE2D5CCA930036B15F /* Sources */ = {
			isa = PBXSourcesBuildPhase;
			buildActionMask = 2147483647;
			files = (
				1FDCD5E12D5DFDA00036B15F /* DebloatfyTests.swift in Sources */,
			);
			runOnlyForDeploymentPostprocessing = 0;
		};
/* End PBXSourcesBuildPhase section */

/* Begin PBXTargetDependency section */
		1FDCD5C42D5CCA930036B15F /* PBXTargetDependency */ = {
			isa = PBXTargetDependency;
			target = 1FDCD5B02D5CCA920036B15F /* Debloatfy */;
			targetProxy = 1FDCD5C32D5CCA930036B15F /* PBXContainerItemProxy */;
		};
/* End PBXTargetDependency section */

/* Begin XCBuildConfiguration section */
		1FDCD5D42D5CCA930036B15F /* Debug */ = {
			isa = XCBuildConfiguration;
			buildSettings = {
				ALWAYS_SEARCH_USER_PATHS = NO;
				ASSETCATALOG_COMPILER_GENERATE_SWIFT_ASSET_SYMBOL_EXTENSIONS = YES;
				CLANG_ANALYZER_NONNULL = YES;
				CLANG_ANALYZER_NUMBER_OBJECT_CONVERSION = YES_AGGRESSIVE;
				CLANG_CXX_LANGUAGE_STANDARD = "gnu++20";
				CLANG_ENABLE_MODULES = YES;
				CLANG_ENABLE_OBJC_ARC = YES;
				CLANG_ENABLE_OBJC_WEAK = YES;
				CLANG_WARN_BLOCK_CAPTURE_AUTORELEASING = YES;
				CLANG_WARN_BOOL_CONVERSION = YES;
				CLANG_WARN_COMMA = YES;
				CLANG_WARN_CONSTANT_CONVERSION = YES;
				CLANG_WARN_DEPRECATED_OBJC_IMPLEMENTATIONS = YES;
				CLANG_WARN_DIRECT_OBJC_ISA_USAGE = YES_ERROR;
				CLANG_WARN_DOCUMENTATION_COMMENTS = YES;
				CLANG_WARN_EMPTY_BODY = YES;
				CLANG_WARN_ENUM_CONVERSION = YES;
				CLANG_WARN_INFINITE_RECURSION = YES;
				CLANG_WARN_INT_CONVERSION = YES;
				CLANG_WARN_NON_LITERAL_NULL_CONVERSION = YES;
				CLANG_WARN_OBJC_IMPLICIT_RETAIN_SELF = YES;
				CLANG_WARN_OBJC_LITERAL_CONVERSION = YES;
				CLANG_WARN_OBJC_ROOT_CLASS = YES_ERROR;
				CLANG_WARN_QUOTED_INCLUDE_IN_FRAMEWORK_HEADER = YES;
				CLANG_WARN_RANGE_LOOP_ANALYSIS = YES;
				CLANG_WARN_STRICT_PROTOTYPES = YES;
				CLANG_WARN_SUSPICIOUS_MOVE = YES;
				CLANG_WARN_UNGUARDED_AVAILABILITY = YES_AGGRESSIVE;
				CLANG_WARN_UNREACHABLE_CODE = YES;
				CLANG_WARN__DUPLICATE_METHOD_MATCH = YES;
				COPY_PHASE_STRIP = NO;
				DEBUG_INFORMATION_FORMAT = dwarf;
				ENABLE_STRICT_OBJC_MSGSEND = YES;
				ENABLE_TESTABILITY = YES;
				ENABLE_USER_SCRIPT_SANDBOXING = YES;
				GCC_C_LANGUAGE_STANDARD = gnu17;
				GCC_DYNAMIC_NO_PIC = NO;
				GCC_NO_COMMON_BLOCKS = YES;
				GCC_OPTIMIZATION_LEVEL = 0;
				GCC_PREPROCESSOR_DEFINITIONS = (
					"DEBUG=1",
					"$(inherited)",
				);
				GCC_WARN_64_TO_32_BIT_CONVERSION = YES;
				GCC_WARN_ABOUT_RETURN_TYPE = YES_ERROR;
				GCC_WARN_UNDECLARED_SELECTOR = YES;
				GCC_WARN_UNINITIALIZED_AUTOS = YES_AGGRESSIVE;
				GCC_WARN_UNUSED_FUNCTION = YES;
				GCC_WARN_UNUSED_VARIABLE = YES;
				LOCALIZATION_PREFERS_STRING_CATALOGS = YES;
				MACOSX_DEPLOYMENT_TARGET = 15.2;
				MTL_ENABLE_DEBUG_INFO = INCLUDE_SOURCE;
				MTL_FAST_MATH = YES;
				ONLY_ACTIVE_ARCH = YES;
				SDKROOT = macosx;
				SWIFT_ACTIVE_COMPILATION_CONDITIONS = "DEBUG $(inherited)";
				SWIFT_OPTIMIZATION_LEVEL = "-Onone";
			};
			name = Debug;
		};
		1FDCD5D52D5CCA930036B15F /* Release */ = {
			isa = XCBuildConfiguration;
			buildSettings = {
				ALWAYS_SEARCH_USER_PATHS = NO;
				ASSETCATALOG_COMPILER_GENERATE_SWIFT_ASSET_SYMBOL_EXTENSIONS = YES;
				CLANG_ANALYZER_NONNULL = YES;
				CLANG_ANALYZER_NUMBER_OBJECT_CONVERSION = YES_AGGRESSIVE;
				CLANG_CXX_LANGUAGE_STANDARD = "gnu++20";
				CLANG_ENABLE_MODULES = YES;
				CLANG_ENABLE_OBJC_ARC = YES;
				CLANG_ENABLE_OBJC_WEAK = YES;
				CLANG_WARN_BLOCK_CAPTURE_AUTORELEASING = YES;
				CLANG_WARN_BOOL_CONVERSION = YES;
				CLANG_WARN_COMMA = YES;
				CLANG_WARN_CONSTANT_CONVERSION = YES;
				CLANG_WARN_DEPRECATED_OBJC_IMPLEMENTATIONS = YES;
				CLANG_WARN_DIRECT_OBJC_ISA_USAGE = YES_ERROR;
				CLANG_WARN_DOCUMENTATION_COMMENTS = YES;
				CLANG_WARN_EMPTY_BODY = YES;
				CLANG_WARN_ENUM_CONVERSION = YES;
				CLANG_WARN_INFINITE_RECURSION = YES;
				CLANG_WARN_INT_CONVERSION = YES;
				CLANG_WARN_NON_LITERAL_NULL_CONVERSION = YES;
				CLANG_WARN_OBJC_IMPLICIT_RETAIN_SELF = YES;
				CLANG_WARN_OBJC_LITERAL_CONVERSION = YES;
				CLANG_WARN_OBJC_ROOT_CLASS = YES_ERROR;
				CLANG_WARN_QUOTED_INCLUDE_IN_FRAMEWORK_HEADER = YES;
				CLANG_WARN_RANGE_LOOP_ANALYSIS = YES;
				CLANG_WARN_STRICT_PROTOTYPES = YES;
				CLANG_WARN_SUSPICIOUS_MOVE = YES;
				CLANG_WARN_UNGUARDED_AVAILABILITY = YES_AGGRESSIVE;
				CLANG_WARN_UNREACHABLE_CODE = YES;
				CLANG_WARN__DUPLICATE_METHOD_MATCH = YES;
				COPY_PHASE_STRIP = NO;
				DEBUG_INFORMATION_FORMAT = "dwarf-with-dsym";
				ENABLE_NS_ASSERTIONS = NO;
				ENABLE_STRICT_OBJC_MSGSEND = YES;
				ENABLE_USER_SCRIPT_SANDBOXING = YES;
				GCC_C_LANGUAGE_STANDARD = gnu17;
				GCC_NO_COMMON_BLOCKS = YES;
				GCC_WARN_64_TO_32_BIT_CONVERSION = YES;
				GCC_WARN_ABOUT_RETURN_TYPE = YES_ERROR;
				GCC_WARN_UNDECLARED_SELECTOR = YES;
				GCC_WARN_UNINITIALIZED_AUTOS = YES_AGGRESSIVE;
				GCC_WARN_UNUSED_FUNCTION = YES;
				GCC_WARN_UNUSED_VARIABLE = YES;
				LOCALIZATION_PREFERS_STRING_CATALOGS = YES;
				MACOSX_DEPLOYMENT_TARGET = 15.2;
				MTL_ENABLE_DEBUG_INFO = NO;
				MTL_FAST_MATH = YES;
				SDKROOT = macosx;
				SWIFT_COMPILATION_MODE = wholemodule;
			};
			name = Release;
		};
		1FDCD5D72D5CCA930036B15F /* Debug */ = {
			isa = XCBuildConfiguration;
			buildSettings = {
				ASSETCATALOG_COMPILER_APPICON_NAME = AppIcon;
				ASSETCATALOG_COMPILER_GLOBAL_ACCENT_COLOR_NAME = AccentColor;
				ASSETCATALOG_COMPILER_INCLUDE_ALL_APPICON_ASSETS = YES;
				CODE_SIGN_ENTITLEMENTS = Sources/Application/Debloatfy.entitlements;
				CODE_SIGN_STYLE = Automatic;
				COMBINE_HIDPI_IMAGES = YES;
				CURRENT_PROJECT_VERSION = 1;
				DEVELOPMENT_ASSET_PATHS = "\"Sources/Resources/Preview Content\"";
				ENABLE_PREVIEWS = YES;
				GENERATE_INFOPLIST_FILE = YES;
				INFOPLIST_FILE = "Sources/Resources/Debloatfy-Info.plist";
				INFOPLIST_KEY_CFBundleDisplayName = Debloatfy;
				INFOPLIST_KEY_LSApplicationCategoryType = "public.app-category.developer-tools";
				INFOPLIST_KEY_MetalCaptureEnabled = YES;
				INFOPLIST_KEY_NSHumanReadableCopyright = "Copyright © 2025 Nijat Hamid. Debloatfy™. All rights reserved.";
				LD_RUNPATH_SEARCH_PATHS = (
					"$(inherited)",
					"@executable_path/../Frameworks",
				);
				MARKETING_VERSION = 1.0;
				PRODUCT_BUNDLE_IDENTIFIER = com.nijathamid.Debloatfy;
				PRODUCT_NAME = "$(TARGET_NAME)";
				SWIFT_EMIT_LOC_STRINGS = YES;
				SWIFT_VERSION = 5.0;
			};
			name = Debug;
		};
		1FDCD5D82D5CCA930036B15F /* Release */ = {
			isa = XCBuildConfiguration;
			buildSettings = {
				ASSETCATALOG_COMPILER_APPICON_NAME = AppIcon;
				ASSETCATALOG_COMPILER_GLOBAL_ACCENT_COLOR_NAME = AccentColor;
				ASSETCATALOG_COMPILER_INCLUDE_ALL_APPICON_ASSETS = YES;
				CODE_SIGN_ENTITLEMENTS = Sources/Application/Debloatfy.entitlements;
				CODE_SIGN_STYLE = Automatic;
				COMBINE_HIDPI_IMAGES = YES;
				CURRENT_PROJECT_VERSION = 1;
				DEVELOPMENT_ASSET_PATHS = "\"Sources/Resources/Preview Content\"";
				ENABLE_PREVIEWS = YES;
				GENERATE_INFOPLIST_FILE = YES;
				INFOPLIST_FILE = "Sources/Resources/Debloatfy-Info.plist";
				INFOPLIST_KEY_CFBundleDisplayName = Debloatfy;
				INFOPLIST_KEY_LSApplicationCategoryType = "public.app-category.developer-tools";
				INFOPLIST_KEY_MetalCaptureEnabled = YES;
				INFOPLIST_KEY_NSHumanReadableCopyright = "Copyright © 2025 Nijat Hamid. Debloatfy™. All rights reserved.";
				LD_RUNPATH_SEARCH_PATHS = (
					"$(inherited)",
					"@executable_path/../Frameworks",
				);
				MARKETING_VERSION = 1.0;
				PRODUCT_BUNDLE_IDENTIFIER = com.nijathamid.Debloatfy;
				PRODUCT_NAME = "$(TARGET_NAME)";
				SWIFT_EMIT_LOC_STRINGS = YES;
				SWIFT_VERSION = 5.0;
			};
			name = Release;
		};
		1FDCD5DA2D5CCA930036B15F /* Debug */ = {
			isa = XCBuildConfiguration;
			buildSettings = {
				BUNDLE_LOADER = "$(TEST_HOST)";
				CODE_SIGN_STYLE = Automatic;
				CURRENT_PROJECT_VERSION = 1;
				GENERATE_INFOPLIST_FILE = YES;
				MACOSX_DEPLOYMENT_TARGET = 15.2;
				MARKETING_VERSION = 1.0;
				PRODUCT_BUNDLE_IDENTIFIER = com.nijathamid.DebloatfyTests;
				PRODUCT_NAME = "$(TARGET_NAME)";
				SWIFT_EMIT_LOC_STRINGS = NO;
				SWIFT_VERSION = 5.0;
				TEST_HOST = "$(BUILT_PRODUCTS_DIR)/Debloatfy.app/$(BUNDLE_EXECUTABLE_FOLDER_PATH)/Debloatfy";
			};
			name = Debug;
		};
		1FDCD5DB2D5CCA930036B15F /* Release */ = {
			isa = XCBuildConfiguration;
			buildSettings = {
				BUNDLE_LOADER = "$(TEST_HOST)";
				CODE_SIGN_STYLE = Automatic;
				CURRENT_PROJECT_VERSION = 1;
				GENERATE_INFOPLIST_FILE = YES;
				MACOSX_DEPLOYMENT_TARGET = 15.2;
				MARKETING_VERSION = 1.0;
				PRODUCT_BUNDLE_IDENTIFIER = com.nijathamid.DebloatfyTests;
				PRODUCT_NAME = "$(TARGET_NAME)";
				SWIFT_EMIT_LOC_STRINGS = NO;
				SWIFT_VERSION = 5.0;
				TEST_HOST = "$(BUILT_PRODUCTS_DIR)/Debloatfy.app/$(BUNDLE_EXECUTABLE_FOLDER_PATH)/Debloatfy";
			};
			name = Release;
		};
/* End XCBuildConfiguration section */

/* Begin XCConfigurationList section */
		1FDCD5AC2D5CCA920036B15F /* Build configuration list for PBXProject "Debloatfy" */ = {
			isa = XCConfigurationList;
			buildConfigurations = (
				1FDCD5D42D5CCA930036B15F /* Debug */,
				1FDCD5D52D5CCA930036B15F /* Release */,
			);
			defaultConfigurationIsVisible = 0;
			defaultConfigurationName = Release;
		};
		1FDCD5D62D5CCA930036B15F /* Build configuration list for PBXNativeTarget "Debloatfy" */ = {
			isa = XCConfigurationList;
			buildConfigurations = (
				1FDCD5D72D5CCA930036B15F /* Debug */,
				1FDCD5D82D5CCA930036B15F /* Release */,
			);
			defaultConfigurationIsVisible = 0;
			defaultConfigurationName = Release;
		};
		1FDCD5D92D5CCA930036B15F /* Build configuration list for PBXNativeTarget "Tests" */ = {
			isa = XCConfigurationList;
			buildConfigurations = (
				1FDCD5DA2D5CCA930036B15F /* Debug */,
				1FDCD5DB2D5CCA930036B15F /* Release */,
			);
			defaultConfigurationIsVisible = 0;
			defaultConfigurationName = Release;
		};
/* End XCConfigurationList section */
	};
	rootObject = 1FDCD5A92D5CCA920036B15F /* Project object */;
}
