// !$*UTF8*$!
{
	archiveVersion = 1;
	classes = {
	};
	objectVersion = 77;
	objects = {

/* Begin PBXBuildFile section */
		1F1C93FF2D5E54F0008B6E19 /* Font+Extension.swift in Sources */ = {isa = PBXBuildFile; fileRef = 1F1C93FE2D5E54E9008B6E19 /* Font+Extension.swift */; };
		1F1C940A2D5FC848008B6E19 /* SidebarView.swift in Sources */ = {isa = PBXBuildFile; fileRef = 1F1C94092D5FC848008B6E19 /* SidebarView.swift */; };
		1F1C940C2D5FC8C6008B6E19 /* LayoutModel.swift in Sources */ = {isa = PBXBuildFile; fileRef = 1F1C940B2D5FC8C2008B6E19 /* LayoutModel.swift */; };
		1F1C940E2D5FC9D6008B6E19 /* LayoutVM.swift in Sources */ = {isa = PBXBuildFile; fileRef = 1F1C940D2D5FC9D6008B6E19 /* LayoutVM.swift */; };
		1F1C94112D5FEEB1008B6E19 /* NavigationItemView.swift in Sources */ = {isa = PBXBuildFile; fileRef = 1F1C94102D5FEEB1008B6E19 /* NavigationItemView.swift */; };
		1F1C94132D60C5B6008B6E19 /* EnvironmentValues+Extension.swift in Sources */ = {isa = PBXBuildFile; fileRef = 1F1C94122D60C5B1008B6E19 /* EnvironmentValues+Extension.swift */; };
		1F1C94192D60D6A6008B6E19 /* LayoutView.swift in Sources */ = {isa = PBXBuildFile; fileRef = 1F1C94182D60D6A6008B6E19 /* LayoutView.swift */; };
		1F1C941F2D6608EC008B6E19 /* AboutView.swift in Sources */ = {isa = PBXBuildFile; fileRef = 1F1C941E2D6608EC008B6E19 /* AboutView.swift */; };
		1F1C94252D660944008B6E19 /* OverviewView.swift in Sources */ = {isa = PBXBuildFile; fileRef = 1F1C94242D660944008B6E19 /* OverviewView.swift */; };
		1F1C943C2D660A30008B6E19 /* DebloatView.swift in Sources */ = {isa = PBXBuildFile; fileRef = 1F1C943B2D660A30008B6E19 /* DebloatView.swift */; };
		1F1C943E2D660A41008B6E19 /* TransferView.swift in Sources */ = {isa = PBXBuildFile; fileRef = 1F1C943D2D660A41008B6E19 /* TransferView.swift */; };
		1F1C94402D660A5F008B6E19 /* RestoreView.swift in Sources */ = {isa = PBXBuildFile; fileRef = 1F1C943F2D660A5F008B6E19 /* RestoreView.swift */; };
		1F1C94452D660ACE008B6E19 /* DebuggingView.swift in Sources */ = {isa = PBXBuildFile; fileRef = 1F1C94442D660ACE008B6E19 /* DebuggingView.swift */; };
		1F1C94482D660BDA008B6E19 /* PageMod.swift in Sources */ = {isa = PBXBuildFile; fileRef = 1F1C94472D660BD4008B6E19 /* PageMod.swift */; };
		1F1C94522D66B992008B6E19 /* AppMod.swift in Sources */ = {isa = PBXBuildFile; fileRef = 1F1C94512D66B98F008B6E19 /* AppMod.swift */; };
		1F1C94542D67E826008B6E19 /* SocialItemView.swift in Sources */ = {isa = PBXBuildFile; fileRef = 1F1C94532D67E826008B6E19 /* SocialItemView.swift */; };
		1F1C94572D67ECC0008B6E19 /* NavigationSectionView.swift in Sources */ = {isa = PBXBuildFile; fileRef = 1F1C94562D67ECC0008B6E19 /* NavigationSectionView.swift */; };
		1F1C945A2D67EE24008B6E19 /* SocialSectionView.swift in Sources */ = {isa = PBXBuildFile; fileRef = 1F1C94592D67EE24008B6E19 /* SocialSectionView.swift */; };
		1F1C945D2D6800C0008B6E19 /* OthersSectionView.swift in Sources */ = {isa = PBXBuildFile; fileRef = 1F1C945C2D6800C0008B6E19 /* OthersSectionView.swift */; };
		1F1C94612D680121008B6E19 /* ThemeButtonView.swift in Sources */ = {isa = PBXBuildFile; fileRef = 1F1C94602D680121008B6E19 /* ThemeButtonView.swift */; };
		1F465AEF2DB2C03000F2E7F7 /* ApkModel.swift in Sources */ = {isa = PBXBuildFile; fileRef = 1F465AEE2DB2C02D00F2E7F7 /* ApkModel.swift */; };
		1F465AF12DB3F82100F2E7F7 /* Processors.swift in Sources */ = {isa = PBXBuildFile; fileRef = 1F465AF02DB3F80100F2E7F7 /* Processors.swift */; };
		1F465AF42DB4ECBA00F2E7F7 /* UtilsTests.swift in Sources */ = {isa = PBXBuildFile; fileRef = 1F465AF32DB4ECAE00F2E7F7 /* UtilsTests.swift */; };
		1F465AF82DB4F07700F2E7F7 /* FontTests.swift in Sources */ = {isa = PBXBuildFile; fileRef = 1F465AF72DB4F07200F2E7F7 /* FontTests.swift */; };
		1F465AFB2DB506C900F2E7F7 /* README.md in Resources */ = {isa = PBXBuildFile; fileRef = 1F465AFA2DB506C900F2E7F7 /* README.md */; };
		1F465AFF2DB507A400F2E7F7 /* logo.png in Resources */ = {isa = PBXBuildFile; fileRef = 1F465AFE2DB507A400F2E7F7 /* logo.png */; };
		1F4C5FF32D9D6DF9000831B1 /* DBModel.swift in Sources */ = {isa = PBXBuildFile; fileRef = 1F4C5FF22D9D6DF4000831B1 /* DBModel.swift */; };
		1F4C5FF72D9DBB89000831B1 /* LogsVM.swift in Sources */ = {isa = PBXBuildFile; fileRef = 1F4C5FF62D9DBB83000831B1 /* LogsVM.swift */; };
		1F4C5FFA2D9F0D9D000831B1 /* ConfirmationSheet.swift in Sources */ = {isa = PBXBuildFile; fileRef = 1F4C5FF92D9F0D9D000831B1 /* ConfirmationSheet.swift */; };
		1F4C60092DA5A4BE000831B1 /* RestoreVM.swift in Sources */ = {isa = PBXBuildFile; fileRef = 1F4C60082DA5A4BA000831B1 /* RestoreVM.swift */; };
		1F4C600B2DA5B3F0000831B1 /* FileKit.swift in Sources */ = {isa = PBXBuildFile; fileRef = 1F4C600A2DA5B37B000831B1 /* FileKit.swift */; };
		1F4C600D2DA70FFB000831B1 /* TransferVM.swift in Sources */ = {isa = PBXBuildFile; fileRef = 1F4C600C2DA70FF6000831B1 /* TransferVM.swift */; };
		1F4C600F2DA72B13000831B1 /* TransferModel.swift in Sources */ = {isa = PBXBuildFile; fileRef = 1F4C600E2DA72B0B000831B1 /* TransferModel.swift */; };
		1F4C60182DA9C069000831B1 /* Log.swift in Sources */ = {isa = PBXBuildFile; fileRef = 1F4C60172DA9C068000831B1 /* Log.swift */; };
		1F4C601A2DA9F4EE000831B1 /* ProgressSheet.swift in Sources */ = {isa = PBXBuildFile; fileRef = 1F4C60192DA9F4EE000831B1 /* ProgressSheet.swift */; };
		1F4C601C2DAB24C1000831B1 /* DBService.swift in Sources */ = {isa = PBXBuildFile; fileRef = 1F4C601B2DAB24BE000831B1 /* DBService.swift */; };
		1F4C60242DAB6C70000831B1 /* GRDB in Frameworks */ = {isa = PBXBuildFile; productRef = 1F4C60232DAB6C70000831B1 /* GRDB */; };
		1F66D1D72D8070C1008E29E7 /* DebugIndicatorView.swift in Sources */ = {isa = PBXBuildFile; fileRef = 1F66D1D62D8070BA008E29E7 /* DebugIndicatorView.swift */; };
		1F6A4FFB2DB6DF9E00C47D5E /* demo.gif in Resources */ = {isa = PBXBuildFile; fileRef = 1F6A4FFA2DB6DF9E00C47D5E /* demo.gif */; };
		1F992E702D6B967800DCC645 /* Routable.swift in Sources */ = {isa = PBXBuildFile; fileRef = 1F992E6F2D6B967400DCC645 /* Routable.swift */; };
		1F992E722D6B986C00DCC645 /* Router.swift in Sources */ = {isa = PBXBuildFile; fileRef = 1F992E712D6B986A00DCC645 /* Router.swift */; };
		1F992E792D6BCCBF00DCC645 /* OpacityTransitionMod.swift in Sources */ = {isa = PBXBuildFile; fileRef = 1F992E782D6BCCB800DCC645 /* OpacityTransitionMod.swift */; };
		1F992E7B2D6BF04B00DCC645 /* ColorSchemeTransition.swift in Sources */ = {isa = PBXBuildFile; fileRef = 1F992E7A2D6BF04300DCC645 /* ColorSchemeTransition.swift */; };
		1FAD12B62D97B215004CF8DC /* AppChartModel.swift in Sources */ = {isa = PBXBuildFile; fileRef = 1FAD12B52D97B20E004CF8DC /* AppChartModel.swift */; };
		1FAD12B82D97BD3D004CF8DC /* DeviceParamsModel.swift in Sources */ = {isa = PBXBuildFile; fileRef = 1FAD12B72D97BD3C004CF8DC /* DeviceParamsModel.swift */; };
		1FAD12BA2D98736D004CF8DC /* DebloatVM.swift in Sources */ = {isa = PBXBuildFile; fileRef = 1FAD12B92D98736D004CF8DC /* DebloatVM.swift */; };
		1FAD12BC2D98743B004CF8DC /* AppListModel.swift in Sources */ = {isa = PBXBuildFile; fileRef = 1FAD12BB2D987437004CF8DC /* AppListModel.swift */; };
		1FAD12BE2D9BF735004CF8DC /* SelectManager.swift in Sources */ = {isa = PBXBuildFile; fileRef = 1FAD12BD2D9BF732004CF8DC /* SelectManager.swift */; };
		1FD384EB2D7B686A007FA48B /* VisualEffect.swift in Sources */ = {isa = PBXBuildFile; fileRef = 1FD384EA2D7B6865007FA48B /* VisualEffect.swift */; };
		1FDCD5EA2D5DFE740036B15F /* DebloatfyApp.swift in Sources */ = {isa = PBXBuildFile; fileRef = 1FDCD5E72D5DFE740036B15F /* DebloatfyApp.swift */; };
		1FDCD5EB2D5DFE740036B15F /* Preview Assets.xcassets in Resources */ = {isa = PBXBuildFile; fileRef = 1FDCD5E22D5DFE740036B15F /* Preview Assets.xcassets */; };
		1FDCD5EC2D5DFE740036B15F /* Assets.xcassets in Resources */ = {isa = PBXBuildFile; fileRef = 1FDCD5E42D5DFE740036B15F /* Assets.xcassets */; };
		1FDCD6032D5E04F40036B15F /* GlobalEnums.swift in Sources */ = {isa = PBXBuildFile; fileRef = 1FDCD6022D5E04F10036B15F /* GlobalEnums.swift */; };
		1FDCD6092D5E0A6F0036B15F /* Nunito-Variable.ttf in Resources */ = {isa = PBXBuildFile; fileRef = 1FDCD6082D5E0A6F0036B15F /* Nunito-Variable.ttf */; };
		1FDCD60A2D5E0A6F0036B15F /* Nunito-Variable.ttf in Resources */ = {isa = PBXBuildFile; fileRef = 1FDCD6082D5E0A6F0036B15F /* Nunito-Variable.ttf */; };
		1FF10DD72D85870F00EBECB5 /* AppListView.swift in Sources */ = {isa = PBXBuildFile; fileRef = 1FF10DD62D85870F00EBECB5 /* AppListView.swift */; };
		1FF10DD92D85872C00EBECB5 /* AppListItem.swift in Sources */ = {isa = PBXBuildFile; fileRef = 1FF10DD82D85872C00EBECB5 /* AppListItem.swift */; };
		1FF10DDB2D85A77A00EBECB5 /* AppListHeader.swift in Sources */ = {isa = PBXBuildFile; fileRef = 1FF10DDA2D85A77A00EBECB5 /* AppListHeader.swift */; };
		1FF10DDD2D8870DA00EBECB5 /* ToggleStyles.swift in Sources */ = {isa = PBXBuildFile; fileRef = 1FF10DDC2D8870D500EBECB5 /* ToggleStyles.swift */; };
		1FF10DDF2D88A11500EBECB5 /* AppListItemLabel.swift in Sources */ = {isa = PBXBuildFile; fileRef = 1FF10DDE2D88A11500EBECB5 /* AppListItemLabel.swift */; };
		1FF10DE42D8AE02600EBECB5 /* AppActionsView.swift in Sources */ = {isa = PBXBuildFile; fileRef = 1FF10DE32D8AE02600EBECB5 /* AppActionsView.swift */; };
		1FF10DF02D8B0C5600EBECB5 /* AppActionItem.swift in Sources */ = {isa = PBXBuildFile; fileRef = 1FF10DEF2D8B0C5600EBECB5 /* AppActionItem.swift */; };
		1FF10DFB2D8B4A6000EBECB5 /* LogsView.swift in Sources */ = {isa = PBXBuildFile; fileRef = 1FF10DFA2D8B4A6000EBECB5 /* LogsView.swift */; };
		1FF10E032D8B50BC00EBECB5 /* View+Extension.swift in Sources */ = {isa = PBXBuildFile; fileRef = 1FF10E022D8B50B800EBECB5 /* View+Extension.swift */; };
		1FF10E062D8E336A00EBECB5 /* LogListItem.swift in Sources */ = {isa = PBXBuildFile; fileRef = 1FF10E052D8E336A00EBECB5 /* LogListItem.swift */; };
		1FF10E082D8E3D4100EBECB5 /* LogListHeader.swift in Sources */ = {isa = PBXBuildFile; fileRef = 1FF10E072D8E3D4100EBECB5 /* LogListHeader.swift */; };
		1FF10E0C2D8F24F300EBECB5 /* FolderListItem.swift in Sources */ = {isa = PBXBuildFile; fileRef = 1FF10E0B2D8F24F300EBECB5 /* FolderListItem.swift */; };
		1FF10E0E2D8F24FD00EBECB5 /* FolderListHeader.swift in Sources */ = {isa = PBXBuildFile; fileRef = 1FF10E0D2D8F24FD00EBECB5 /* FolderListHeader.swift */; };
		1FF10E152D8F39E500EBECB5 /* TransferActionButton.swift in Sources */ = {isa = PBXBuildFile; fileRef = 1FF10E142D8F39E500EBECB5 /* TransferActionButton.swift */; };
		1FF10E1B2D90F02100EBECB5 /* UnavailableMod.swift in Sources */ = {isa = PBXBuildFile; fileRef = 1FF10E1A2D90F01A00EBECB5 /* UnavailableMod.swift */; };
		1FF10E1F2D91E2F700EBECB5 /* FolderListMenuItem.swift in Sources */ = {isa = PBXBuildFile; fileRef = 1FF10E1E2D91E2F700EBECB5 /* FolderListMenuItem.swift */; };
		1FF10E322D9253A500EBECB5 /* adb in Resources */ = {isa = PBXBuildFile; fileRef = 1FF10E252D9253A500EBECB5 /* adb */; };
		1FF10E332D9253A500EBECB5 /* make_f2fs_casefold in Resources */ = {isa = PBXBuildFile; fileRef = 1FF10E2C2D9253A500EBECB5 /* make_f2fs_casefold */; };
		1FF10E342D9253A500EBECB5 /* NOTICE.txt in Resources */ = {isa = PBXBuildFile; fileRef = 1FF10E2F2D9253A500EBECB5 /* NOTICE.txt */; };
		1FF10E352D9253A500EBECB5 /* sqlite3 in Resources */ = {isa = PBXBuildFile; fileRef = 1FF10E312D9253A500EBECB5 /* sqlite3 */; };
		1FF10E362D9253A500EBECB5 /* etc1tool in Resources */ = {isa = PBXBuildFile; fileRef = 1FF10E262D9253A500EBECB5 /* etc1tool */; };
		1FF10E372D9253A500EBECB5 /* mke2fs in Resources */ = {isa = PBXBuildFile; fileRef = 1FF10E2D2D9253A500EBECB5 /* mke2fs */; };
		1FF10E382D9253A500EBECB5 /* make_f2fs in Resources */ = {isa = PBXBuildFile; fileRef = 1FF10E2B2D9253A500EBECB5 /* make_f2fs */; };
		1FF10E392D9253A500EBECB5 /* mke2fs.conf in Resources */ = {isa = PBXBuildFile; fileRef = 1FF10E2E2D9253A500EBECB5 /* mke2fs.conf */; };
		1FF10E3A2D9253A500EBECB5 /* source.properties in Resources */ = {isa = PBXBuildFile; fileRef = 1FF10E302D9253A500EBECB5 /* source.properties */; };
		1FF10E3B2D9253A500EBECB5 /* fastboot in Resources */ = {isa = PBXBuildFile; fileRef = 1FF10E272D9253A500EBECB5 /* fastboot */; };
		1FF10E3C2D9253A500EBECB5 /* hprof-conv in Resources */ = {isa = PBXBuildFile; fileRef = 1FF10E282D9253A500EBECB5 /* hprof-conv */; };
		1FF10E402D93390400EBECB5 /* Auth.swift in Sources */ = {isa = PBXBuildFile; fileRef = 1FF10E3F2D93390400EBECB5 /* Auth.swift */; };
		1FF10E452D95D96A00EBECB5 /* LoadingView.swift in Sources */ = {isa = PBXBuildFile; fileRef = 1FF10E442D95D96A00EBECB5 /* LoadingView.swift */; };
		1FF10E472D9601C500EBECB5 /* OverviewVM.swift in Sources */ = {isa = PBXBuildFile; fileRef = 1FF10E462D9601C500EBECB5 /* OverviewVM.swift */; };
		1FF10E492D96314600EBECB5 /* ADB.swift in Sources */ = {isa = PBXBuildFile; fileRef = 1FF10E482D96314400EBECB5 /* ADB.swift */; };
		1FF986AC2D7045FA0008BDA3 /* Mockable.swift in Sources */ = {isa = PBXBuildFile; fileRef = 1FF986AB2D7045F50008BDA3 /* Mockable.swift */; };
		1FF986AE2D7068DA0008BDA3 /* PreviewMod.swift in Sources */ = {isa = PBXBuildFile; fileRef = 1FF986AD2D7068D60008BDA3 /* PreviewMod.swift */; };
		1FF986B22D7191AC0008BDA3 /* InfoLogoView.swift in Sources */ = {isa = PBXBuildFile; fileRef = 1FF986B12D7191AC0008BDA3 /* InfoLogoView.swift */; };
		1FF986C22D731A350008BDA3 /* SectionMod.swift in Sources */ = {isa = PBXBuildFile; fileRef = 1FF986C12D731A330008BDA3 /* SectionMod.swift */; };
		1FF986C62D731BB10008BDA3 /* InfoDetailView.swift in Sources */ = {isa = PBXBuildFile; fileRef = 1FF986C52D731BB10008BDA3 /* InfoDetailView.swift */; };
		1FF986C82D7329FC0008BDA3 /* ThemeSwitchView.swift in Sources */ = {isa = PBXBuildFile; fileRef = 1FF986C72D7329FC0008BDA3 /* ThemeSwitchView.swift */; };
		1FF986CE2D746C300008BDA3 /* ThemeIconView.swift in Sources */ = {isa = PBXBuildFile; fileRef = 1FF986CD2D746C300008BDA3 /* ThemeIconView.swift */; };
		1FF986D02D748B970008BDA3 /* Utils.swift in Sources */ = {isa = PBXBuildFile; fileRef = 1FF986CF2D748B930008BDA3 /* Utils.swift */; };
		1FF986D22D7592200008BDA3 /* InfoPurposeView.swift in Sources */ = {isa = PBXBuildFile; fileRef = 1FF986D12D7592200008BDA3 /* InfoPurposeView.swift */; };
		1FF986D72D75CC460008BDA3 /* DebugImageView.swift in Sources */ = {isa = PBXBuildFile; fileRef = 1FF986D62D75CC460008BDA3 /* DebugImageView.swift */; };
		1FF986D92D75CEF80008BDA3 /* DebugStepsView.swift in Sources */ = {isa = PBXBuildFile; fileRef = 1FF986D82D75CEF80008BDA3 /* DebugStepsView.swift */; };
		1FF986DE2D75ECA70008BDA3 /* ButtonStyles.swift in Sources */ = {isa = PBXBuildFile; fileRef = 1FF986DD2D75ECA70008BDA3 /* ButtonStyles.swift */; };
		1FF986E62D77459B0008BDA3 /* DevinceInfoImage.swift in Sources */ = {isa = PBXBuildFile; fileRef = 1FF986E52D77459B0008BDA3 /* DevinceInfoImage.swift */; };
		1FF986E82D7746690008BDA3 /* DeviceInfoParams.swift in Sources */ = {isa = PBXBuildFile; fileRef = 1FF986E72D7746690008BDA3 /* DeviceInfoParams.swift */; };
		1FF986EA2D774DE00008BDA3 /* Creator.swift in Sources */ = {isa = PBXBuildFile; fileRef = 1FF986E92D774DDA0008BDA3 /* Creator.swift */; };
		1FF986EE2D79A0B70008BDA3 /* DeviceAppChart.swift in Sources */ = {isa = PBXBuildFile; fileRef = 1FF986ED2D79A0B70008BDA3 /* DeviceAppChart.swift */; };
		1FF986F12D7B02090008BDA3 /* SearchInputView.swift in Sources */ = {isa = PBXBuildFile; fileRef = 1FF986F02D7B02090008BDA3 /* SearchInputView.swift */; };
		1FF986F92D7B28D20008BDA3 /* RemoveFocusOnTapMod.swift in Sources */ = {isa = PBXBuildFile; fileRef = 1FF986F82D7B28CC0008BDA3 /* RemoveFocusOnTapMod.swift */; };
		1FF986FC2D7B2BE70008BDA3 /* AppToolbarView.swift in Sources */ = {isa = PBXBuildFile; fileRef = 1FF986FB2D7B2BE60008BDA3 /* AppToolbarView.swift */; };
/* End PBXBuildFile section */

/* Begin PBXContainerItemProxy section */
		1FDCD5C32D5CCA930036B15F /* PBXContainerItemProxy */ = {
			isa = PBXContainerItemProxy;
			containerPortal = 1FDCD5A92D5CCA920036B15F /* Project object */;
			proxyType = 1;
			remoteGlobalIDString = 1FDCD5B02D5CCA920036B15F;
			remoteInfo = Debloatfy;
		};
/* End PBXContainerItemProxy section */

/* Begin PBXCopyFilesBuildPhase section */
		1F4C60212DAB4EEE000831B1 /* Embed Frameworks */ = {
			isa = PBXCopyFilesBuildPhase;
			buildActionMask = 2147483647;
			dstPath = "";
			dstSubfolderSpec = 10;
			files = (
			);
			name = "Embed Frameworks";
			runOnlyForDeploymentPostprocessing = 0;
		};
/* End PBXCopyFilesBuildPhase section */

/* Begin PBXFileReference section */
		1F1C93FC2D5E0C9A008B6E19 /* Tests.xctest */ = {isa = PBXFileReference; explicitFileType = wrapper.cfbundle; includeInIndex = 0; path = Tests.xctest; sourceTree = BUILT_PRODUCTS_DIR; };
		1F1C93FE2D5E54E9008B6E19 /* Font+Extension.swift */ = {isa = PBXFileReference; lastKnownFileType = sourcecode.swift; path = "Font+Extension.swift"; sourceTree = "<group>"; };
		1F1C94092D5FC848008B6E19 /* SidebarView.swift */ = {isa = PBXFileReference; lastKnownFileType = sourcecode.swift; path = SidebarView.swift; sourceTree = "<group>"; };
		1F1C940B2D5FC8C2008B6E19 /* LayoutModel.swift */ = {isa = PBXFileReference; lastKnownFileType = sourcecode.swift; path = LayoutModel.swift; sourceTree = "<group>"; };
		1F1C940D2D5FC9D6008B6E19 /* LayoutVM.swift */ = {isa = PBXFileReference; lastKnownFileType = sourcecode.swift; path = LayoutVM.swift; sourceTree = "<group>"; };
		1F1C94102D5FEEB1008B6E19 /* NavigationItemView.swift */ = {isa = PBXFileReference; lastKnownFileType = sourcecode.swift; path = NavigationItemView.swift; sourceTree = "<group>"; };
		1F1C94122D60C5B1008B6E19 /* EnvironmentValues+Extension.swift */ = {isa = PBXFileReference; lastKnownFileType = sourcecode.swift; path = "EnvironmentValues+Extension.swift"; sourceTree = "<group>"; };
		1F1C94182D60D6A6008B6E19 /* LayoutView.swift */ = {isa = PBXFileReference; lastKnownFileType = sourcecode.swift; path = LayoutView.swift; sourceTree = "<group>"; };
		1F1C941E2D6608EC008B6E19 /* AboutView.swift */ = {isa = PBXFileReference; lastKnownFileType = sourcecode.swift; path = AboutView.swift; sourceTree = "<group>"; };
		1F1C94242D660944008B6E19 /* OverviewView.swift */ = {isa = PBXFileReference; lastKnownFileType = sourcecode.swift; path = OverviewView.swift; sourceTree = "<group>"; };
		1F1C943B2D660A30008B6E19 /* DebloatView.swift */ = {isa = PBXFileReference; lastKnownFileType = sourcecode.swift; path = DebloatView.swift; sourceTree = "<group>"; };
		1F1C943D2D660A41008B6E19 /* TransferView.swift */ = {isa = PBXFileReference; lastKnownFileType = sourcecode.swift; path = TransferView.swift; sourceTree = "<group>"; };
		1F1C943F2D660A5F008B6E19 /* RestoreView.swift */ = {isa = PBXFileReference; lastKnownFileType = sourcecode.swift; path = RestoreView.swift; sourceTree = "<group>"; };
		1F1C94442D660ACE008B6E19 /* DebuggingView.swift */ = {isa = PBXFileReference; lastKnownFileType = sourcecode.swift; path = DebuggingView.swift; sourceTree = "<group>"; };
		1F1C94472D660BD4008B6E19 /* PageMod.swift */ = {isa = PBXFileReference; lastKnownFileType = sourcecode.swift; path = PageMod.swift; sourceTree = "<group>"; };
		1F1C94512D66B98F008B6E19 /* AppMod.swift */ = {isa = PBXFileReference; lastKnownFileType = sourcecode.swift; path = AppMod.swift; sourceTree = "<group>"; };
		1F1C94532D67E826008B6E19 /* SocialItemView.swift */ = {isa = PBXFileReference; lastKnownFileType = sourcecode.swift; path = SocialItemView.swift; sourceTree = "<group>"; };
		1F1C94562D67ECC0008B6E19 /* NavigationSectionView.swift */ = {isa = PBXFileReference; lastKnownFileType = sourcecode.swift; path = NavigationSectionView.swift; sourceTree = "<group>"; };
		1F1C94592D67EE24008B6E19 /* SocialSectionView.swift */ = {isa = PBXFileReference; lastKnownFileType = sourcecode.swift; path = SocialSectionView.swift; sourceTree = "<group>"; };
		1F1C945C2D6800C0008B6E19 /* OthersSectionView.swift */ = {isa = PBXFileReference; lastKnownFileType = sourcecode.swift; path = OthersSectionView.swift; sourceTree = "<group>"; };
		1F1C94602D680121008B6E19 /* ThemeButtonView.swift */ = {isa = PBXFileReference; lastKnownFileType = sourcecode.swift; path = ThemeButtonView.swift; sourceTree = "<group>"; };
		1F3F03B32DB6B45A0095CA8E /* LICENSE.txt */ = {isa = PBXFileReference; lastKnownFileType = text; path = LICENSE.txt; sourceTree = "<group>"; };
		1F465AEE2DB2C02D00F2E7F7 /* ApkModel.swift */ = {isa = PBXFileReference; lastKnownFileType = sourcecode.swift; path = ApkModel.swift; sourceTree = "<group>"; };
		1F465AF02DB3F80100F2E7F7 /* Processors.swift */ = {isa = PBXFileReference; lastKnownFileType = sourcecode.swift; path = Processors.swift; sourceTree = "<group>"; };
		1F465AF32DB4ECAE00F2E7F7 /* UtilsTests.swift */ = {isa = PBXFileReference; lastKnownFileType = sourcecode.swift; path = UtilsTests.swift; sourceTree = "<group>"; };
		1F465AF52DB4EF0E00F2E7F7 /* Debloatfy.xctestplan */ = {isa = PBXFileReference; lastKnownFileType = text; path = Debloatfy.xctestplan; sourceTree = "<group>"; };
		1F465AF72DB4F07200F2E7F7 /* FontTests.swift */ = {isa = PBXFileReference; lastKnownFileType = sourcecode.swift; path = FontTests.swift; sourceTree = "<group>"; };
		1F465AFA2DB506C900F2E7F7 /* README.md */ = {isa = PBXFileReference; lastKnownFileType = net.daringfireball.markdown; path = README.md; sourceTree = "<group>"; };
		1F465AFE2DB507A400F2E7F7 /* logo.png */ = {isa = PBXFileReference; lastKnownFileType = image.png; path = logo.png; sourceTree = "<group>"; };
		1F4C5FF22D9D6DF4000831B1 /* DBModel.swift */ = {isa = PBXFileReference; lastKnownFileType = sourcecode.swift; path = DBModel.swift; sourceTree = "<group>"; };
		1F4C5FF62D9DBB83000831B1 /* LogsVM.swift */ = {isa = PBXFileReference; lastKnownFileType = sourcecode.swift; path = LogsVM.swift; sourceTree = "<group>"; };
		1F4C5FF92D9F0D9D000831B1 /* ConfirmationSheet.swift */ = {isa = PBXFileReference; lastKnownFileType = sourcecode.swift; path = ConfirmationSheet.swift; sourceTree = "<group>"; };
		1F4C60012DA44B02000831B1 /* libc++.dylib */ = {isa = PBXFileReference; lastKnownFileType = "compiled.mach-o.dylib"; path = "libc++.dylib"; sourceTree = "<group>"; };
		1F4C60082DA5A4BA000831B1 /* RestoreVM.swift */ = {isa = PBXFileReference; lastKnownFileType = sourcecode.swift; path = RestoreVM.swift; sourceTree = "<group>"; };
		1F4C600A2DA5B37B000831B1 /* FileKit.swift */ = {isa = PBXFileReference; lastKnownFileType = sourcecode.swift; path = FileKit.swift; sourceTree = "<group>"; };
		1F4C600C2DA70FF6000831B1 /* TransferVM.swift */ = {isa = PBXFileReference; lastKnownFileType = sourcecode.swift; path = TransferVM.swift; sourceTree = "<group>"; };
		1F4C600E2DA72B0B000831B1 /* TransferModel.swift */ = {isa = PBXFileReference; lastKnownFileType = sourcecode.swift; path = TransferModel.swift; sourceTree = "<group>"; };
		1F4C60172DA9C068000831B1 /* Log.swift */ = {isa = PBXFileReference; lastKnownFileType = sourcecode.swift; path = Log.swift; sourceTree = "<group>"; };
		1F4C60192DA9F4EE000831B1 /* ProgressSheet.swift */ = {isa = PBXFileReference; lastKnownFileType = sourcecode.swift; path = ProgressSheet.swift; sourceTree = "<group>"; };
		1F4C601B2DAB24BE000831B1 /* DBService.swift */ = {isa = PBXFileReference; lastKnownFileType = sourcecode.swift; path = DBService.swift; sourceTree = "<group>"; };
		1F66D1D62D8070BA008E29E7 /* DebugIndicatorView.swift */ = {isa = PBXFileReference; lastKnownFileType = sourcecode.swift; path = DebugIndicatorView.swift; sourceTree = "<group>"; };
		1F6A4FFA2DB6DF9E00C47D5E /* demo.gif */ = {isa = PBXFileReference; lastKnownFileType = image.gif; path = demo.gif; sourceTree = "<group>"; };
		1F992E6F2D6B967400DCC645 /* Routable.swift */ = {isa = PBXFileReference; lastKnownFileType = sourcecode.swift; path = Routable.swift; sourceTree = "<group>"; };
		1F992E712D6B986A00DCC645 /* Router.swift */ = {isa = PBXFileReference; lastKnownFileType = sourcecode.swift; path = Router.swift; sourceTree = "<group>"; };
		1F992E782D6BCCB800DCC645 /* OpacityTransitionMod.swift */ = {isa = PBXFileReference; lastKnownFileType = sourcecode.swift; path = OpacityTransitionMod.swift; sourceTree = "<group>"; };
		1F992E7A2D6BF04300DCC645 /* ColorSchemeTransition.swift */ = {isa = PBXFileReference; lastKnownFileType = sourcecode.swift; path = ColorSchemeTransition.swift; sourceTree = "<group>"; };
		1FAD12B52D97B20E004CF8DC /* AppChartModel.swift */ = {isa = PBXFileReference; lastKnownFileType = sourcecode.swift; path = AppChartModel.swift; sourceTree = "<group>"; };
		1FAD12B72D97BD3C004CF8DC /* DeviceParamsModel.swift */ = {isa = PBXFileReference; lastKnownFileType = sourcecode.swift; path = DeviceParamsModel.swift; sourceTree = "<group>"; };
		1FAD12B92D98736D004CF8DC /* DebloatVM.swift */ = {isa = PBXFileReference; lastKnownFileType = sourcecode.swift; path = DebloatVM.swift; sourceTree = "<group>"; };
		1FAD12BB2D987437004CF8DC /* AppListModel.swift */ = {isa = PBXFileReference; lastKnownFileType = sourcecode.swift; path = AppListModel.swift; sourceTree = "<group>"; };
		1FAD12BD2D9BF732004CF8DC /* SelectManager.swift */ = {isa = PBXFileReference; lastKnownFileType = sourcecode.swift; path = SelectManager.swift; sourceTree = "<group>"; };
		1FD384EA2D7B6865007FA48B /* VisualEffect.swift */ = {isa = PBXFileReference; lastKnownFileType = sourcecode.swift; path = VisualEffect.swift; sourceTree = "<group>"; };
		1FDCD5E22D5DFE740036B15F /* Preview Assets.xcassets */ = {isa = PBXFileReference; lastKnownFileType = folder.assetcatalog; path = "Preview Assets.xcassets"; sourceTree = "<group>"; };
		1FDCD5E42D5DFE740036B15F /* Assets.xcassets */ = {isa = PBXFileReference; lastKnownFileType = folder.assetcatalog; path = Assets.xcassets; sourceTree = "<group>"; };
		1FDCD5E62D5DFE740036B15F /* Debloatfy.entitlements */ = {isa = PBXFileReference; lastKnownFileType = text.plist.entitlements; path = Debloatfy.entitlements; sourceTree = "<group>"; };
		1FDCD5E72D5DFE740036B15F /* DebloatfyApp.swift */ = {isa = PBXFileReference; lastKnownFileType = sourcecode.swift; path = DebloatfyApp.swift; sourceTree = "<group>"; };
		1FDCD5F12D5E01730036B15F /* .gitignore */ = {isa = PBXFileReference; lastKnownFileType = text; path = .gitignore; sourceTree = "<group>"; };
		1FDCD5F22D5E02240036B15F /* Debloatfy.app */ = {isa = PBXFileReference; explicitFileType = wrapper.application; includeInIndex = 0; path = Debloatfy.app; sourceTree = BUILT_PRODUCTS_DIR; };
		1FDCD6022D5E04F10036B15F /* GlobalEnums.swift */ = {isa = PBXFileReference; lastKnownFileType = sourcecode.swift; path = GlobalEnums.swift; sourceTree = "<group>"; };
		1FDCD6082D5E0A6F0036B15F /* Nunito-Variable.ttf */ = {isa = PBXFileReference; lastKnownFileType = file; path = "Nunito-Variable.ttf"; sourceTree = "<group>"; };
		1FDCD60B2D5E0B040036B15F /* Debloatfy-Info.plist */ = {isa = PBXFileReference; lastKnownFileType = text.plist.xml; path = "Debloatfy-Info.plist"; sourceTree = "<group>"; };
		1FF10DD62D85870F00EBECB5 /* AppListView.swift */ = {isa = PBXFileReference; lastKnownFileType = sourcecode.swift; path = AppListView.swift; sourceTree = "<group>"; };
		1FF10DD82D85872C00EBECB5 /* AppListItem.swift */ = {isa = PBXFileReference; lastKnownFileType = sourcecode.swift; path = AppListItem.swift; sourceTree = "<group>"; };
		1FF10DDA2D85A77A00EBECB5 /* AppListHeader.swift */ = {isa = PBXFileReference; lastKnownFileType = sourcecode.swift; path = AppListHeader.swift; sourceTree = "<group>"; };
		1FF10DDC2D8870D500EBECB5 /* ToggleStyles.swift */ = {isa = PBXFileReference; lastKnownFileType = sourcecode.swift; path = ToggleStyles.swift; sourceTree = "<group>"; };
		1FF10DDE2D88A11500EBECB5 /* AppListItemLabel.swift */ = {isa = PBXFileReference; lastKnownFileType = sourcecode.swift; path = AppListItemLabel.swift; sourceTree = "<group>"; };
		1FF10DE32D8AE02600EBECB5 /* AppActionsView.swift */ = {isa = PBXFileReference; lastKnownFileType = sourcecode.swift; path = AppActionsView.swift; sourceTree = "<group>"; };
		1FF10DEF2D8B0C5600EBECB5 /* AppActionItem.swift */ = {isa = PBXFileReference; lastKnownFileType = sourcecode.swift; path = AppActionItem.swift; sourceTree = "<group>"; };
		1FF10DFA2D8B4A6000EBECB5 /* LogsView.swift */ = {isa = PBXFileReference; lastKnownFileType = sourcecode.swift; path = LogsView.swift; sourceTree = "<group>"; };
		1FF10E022D8B50B800EBECB5 /* View+Extension.swift */ = {isa = PBXFileReference; lastKnownFileType = sourcecode.swift; path = "View+Extension.swift"; sourceTree = "<group>"; };
		1FF10E052D8E336A00EBECB5 /* LogListItem.swift */ = {isa = PBXFileReference; lastKnownFileType = sourcecode.swift; path = LogListItem.swift; sourceTree = "<group>"; };
		1FF10E072D8E3D4100EBECB5 /* LogListHeader.swift */ = {isa = PBXFileReference; lastKnownFileType = sourcecode.swift; path = LogListHeader.swift; sourceTree = "<group>"; };
		1FF10E0B2D8F24F300EBECB5 /* FolderListItem.swift */ = {isa = PBXFileReference; lastKnownFileType = sourcecode.swift; path = FolderListItem.swift; sourceTree = "<group>"; };
		1FF10E0D2D8F24FD00EBECB5 /* FolderListHeader.swift */ = {isa = PBXFileReference; lastKnownFileType = sourcecode.swift; path = FolderListHeader.swift; sourceTree = "<group>"; };
		1FF10E142D8F39E500EBECB5 /* TransferActionButton.swift */ = {isa = PBXFileReference; lastKnownFileType = sourcecode.swift; path = TransferActionButton.swift; sourceTree = "<group>"; };
		1FF10E1A2D90F01A00EBECB5 /* UnavailableMod.swift */ = {isa = PBXFileReference; lastKnownFileType = sourcecode.swift; path = UnavailableMod.swift; sourceTree = "<group>"; };
		1FF10E1E2D91E2F700EBECB5 /* FolderListMenuItem.swift */ = {isa = PBXFileReference; lastKnownFileType = sourcecode.swift; path = FolderListMenuItem.swift; sourceTree = "<group>"; };
		1FF10E252D9253A500EBECB5 /* adb */ = {isa = PBXFileReference; lastKnownFileType = "compiled.mach-o.executable"; path = adb; sourceTree = "<group>"; };
		1FF10E262D9253A500EBECB5 /* etc1tool */ = {isa = PBXFileReference; lastKnownFileType = "compiled.mach-o.executable"; path = etc1tool; sourceTree = "<group>"; };
		1FF10E272D9253A500EBECB5 /* fastboot */ = {isa = PBXFileReference; lastKnownFileType = "compiled.mach-o.executable"; path = fastboot; sourceTree = "<group>"; };
		1FF10E282D9253A500EBECB5 /* hprof-conv */ = {isa = PBXFileReference; lastKnownFileType = "compiled.mach-o.executable"; path = "hprof-conv"; sourceTree = "<group>"; };
		1FF10E2B2D9253A500EBECB5 /* make_f2fs */ = {isa = PBXFileReference; lastKnownFileType = "compiled.mach-o.executable"; path = make_f2fs; sourceTree = "<group>"; };
		1FF10E2C2D9253A500EBECB5 /* make_f2fs_casefold */ = {isa = PBXFileReference; lastKnownFileType = "compiled.mach-o.executable"; path = make_f2fs_casefold; sourceTree = "<group>"; };
		1FF10E2D2D9253A500EBECB5 /* mke2fs */ = {isa = PBXFileReference; lastKnownFileType = "compiled.mach-o.executable"; path = mke2fs; sourceTree = "<group>"; };
		1FF10E2E2D9253A500EBECB5 /* mke2fs.conf */ = {isa = PBXFileReference; lastKnownFileType = text; path = mke2fs.conf; sourceTree = "<group>"; };
		1FF10E2F2D9253A500EBECB5 /* NOTICE.txt */ = {isa = PBXFileReference; lastKnownFileType = text; path = NOTICE.txt; sourceTree = "<group>"; };
		1FF10E302D9253A500EBECB5 /* source.properties */ = {isa = PBXFileReference; lastKnownFileType = text; path = source.properties; sourceTree = "<group>"; };
		1FF10E312D9253A500EBECB5 /* sqlite3 */ = {isa = PBXFileReference; lastKnownFileType = "compiled.mach-o.executable"; path = sqlite3; sourceTree = "<group>"; };
		1FF10E3F2D93390400EBECB5 /* Auth.swift */ = {isa = PBXFileReference; lastKnownFileType = sourcecode.swift; path = Auth.swift; sourceTree = "<group>"; };
		1FF10E442D95D96A00EBECB5 /* LoadingView.swift */ = {isa = PBXFileReference; lastKnownFileType = sourcecode.swift; path = LoadingView.swift; sourceTree = "<group>"; };
		1FF10E462D9601C500EBECB5 /* OverviewVM.swift */ = {isa = PBXFileReference; lastKnownFileType = sourcecode.swift; path = OverviewVM.swift; sourceTree = "<group>"; };
		1FF10E482D96314400EBECB5 /* ADB.swift */ = {isa = PBXFileReference; lastKnownFileType = sourcecode.swift; path = ADB.swift; sourceTree = "<group>"; };
		1FF986AB2D7045F50008BDA3 /* Mockable.swift */ = {isa = PBXFileReference; lastKnownFileType = sourcecode.swift; path = Mockable.swift; sourceTree = "<group>"; };
		1FF986AD2D7068D60008BDA3 /* PreviewMod.swift */ = {isa = PBXFileReference; lastKnownFileType = sourcecode.swift; path = PreviewMod.swift; sourceTree = "<group>"; };
		1FF986B12D7191AC0008BDA3 /* InfoLogoView.swift */ = {isa = PBXFileReference; lastKnownFileType = sourcecode.swift; path = InfoLogoView.swift; sourceTree = "<group>"; };
		1FF986C12D731A330008BDA3 /* SectionMod.swift */ = {isa = PBXFileReference; lastKnownFileType = sourcecode.swift; path = SectionMod.swift; sourceTree = "<group>"; };
		1FF986C52D731BB10008BDA3 /* InfoDetailView.swift */ = {isa = PBXFileReference; lastKnownFileType = sourcecode.swift; path = InfoDetailView.swift; sourceTree = "<group>"; };
		1FF986C72D7329FC0008BDA3 /* ThemeSwitchView.swift */ = {isa = PBXFileReference; lastKnownFileType = sourcecode.swift; path = ThemeSwitchView.swift; sourceTree = "<group>"; };
		1FF986CD2D746C300008BDA3 /* ThemeIconView.swift */ = {isa = PBXFileReference; lastKnownFileType = sourcecode.swift; path = ThemeIconView.swift; sourceTree = "<group>"; };
		1FF986CF2D748B930008BDA3 /* Utils.swift */ = {isa = PBXFileReference; lastKnownFileType = sourcecode.swift; path = Utils.swift; sourceTree = "<group>"; };
		1FF986D12D7592200008BDA3 /* InfoPurposeView.swift */ = {isa = PBXFileReference; lastKnownFileType = sourcecode.swift; path = InfoPurposeView.swift; sourceTree = "<group>"; };
		1FF986D62D75CC460008BDA3 /* DebugImageView.swift */ = {isa = PBXFileReference; lastKnownFileType = sourcecode.swift; path = DebugImageView.swift; sourceTree = "<group>"; };
		1FF986D82D75CEF80008BDA3 /* DebugStepsView.swift */ = {isa = PBXFileReference; lastKnownFileType = sourcecode.swift; path = DebugStepsView.swift; sourceTree = "<group>"; };
		1FF986DD2D75ECA70008BDA3 /* ButtonStyles.swift */ = {isa = PBXFileReference; lastKnownFileType = sourcecode.swift; path = ButtonStyles.swift; sourceTree = "<group>"; };
		1FF986E52D77459B0008BDA3 /* DevinceInfoImage.swift */ = {isa = PBXFileReference; lastKnownFileType = sourcecode.swift; path = DevinceInfoImage.swift; sourceTree = "<group>"; };
		1FF986E72D7746690008BDA3 /* DeviceInfoParams.swift */ = {isa = PBXFileReference; lastKnownFileType = sourcecode.swift; path = DeviceInfoParams.swift; sourceTree = "<group>"; };
		1FF986E92D774DDA0008BDA3 /* Creator.swift */ = {isa = PBXFileReference; lastKnownFileType = sourcecode.swift; path = Creator.swift; sourceTree = "<group>"; };
		1FF986ED2D79A0B70008BDA3 /* DeviceAppChart.swift */ = {isa = PBXFileReference; lastKnownFileType = sourcecode.swift; path = DeviceAppChart.swift; sourceTree = "<group>"; };
		1FF986F02D7B02090008BDA3 /* SearchInputView.swift */ = {isa = PBXFileReference; lastKnownFileType = sourcecode.swift; path = SearchInputView.swift; sourceTree = "<group>"; };
		1FF986F82D7B28CC0008BDA3 /* RemoveFocusOnTapMod.swift */ = {isa = PBXFileReference; lastKnownFileType = sourcecode.swift; path = RemoveFocusOnTapMod.swift; sourceTree = "<group>"; };
		1FF986FB2D7B2BE60008BDA3 /* AppToolbarView.swift */ = {isa = PBXFileReference; lastKnownFileType = sourcecode.swift; path = AppToolbarView.swift; sourceTree = "<group>"; };
/* End PBXFileReference section */

/* Begin PBXFrameworksBuildPhase section */
		1FDCD5AE2D5CCA920036B15F /* Frameworks */ = {
			isa = PBXFrameworksBuildPhase;
			buildActionMask = 2147483647;
			files = (
				1F4C60242DAB6C70000831B1 /* GRDB in Frameworks */,
			);
			runOnlyForDeploymentPostprocessing = 0;
		};
		1FDCD5BF2D5CCA930036B15F /* Frameworks */ = {
			isa = PBXFrameworksBuildPhase;
			buildActionMask = 2147483647;
			files = (
			);
			runOnlyForDeploymentPostprocessing = 0;
		};
/* End PBXFrameworksBuildPhase section */

/* Begin PBXGroup section */
		1F1C94012D5FB7E3008B6E19 /* About */ = {
			isa = PBXGroup;
			children = (
				1F1C94032D5FB7F0008B6E19 /* View */,
			);
			path = About;
			sourceTree = "<group>";
		};
		1F1C94032D5FB7F0008B6E19 /* View */ = {
			isa = PBXGroup;
			children = (
				1FF986AF2D7191780008BDA3 /* Info Section */,
				1F1C941E2D6608EC008B6E19 /* AboutView.swift */,
			);
			path = View;
			sourceTree = "<group>";
		};
		1F1C94052D5FC81E008B6E19 /* Sidebar */ = {
			isa = PBXGroup;
			children = (
				1F1C945B2D6800AB008B6E19 /* Others Section */,
				1F1C94582D67ED64008B6E19 /* Social Section */,
				1F1C94552D67ECA2008B6E19 /* Navigation Section */,
				1F1C94092D5FC848008B6E19 /* SidebarView.swift */,
			);
			path = Sidebar;
			sourceTree = "<group>";
		};
		1F1C94142D60D67F008B6E19 /* Layout */ = {
			isa = PBXGroup;
			children = (
				1F1C94172D60D699008B6E19 /* Model */,
				1F1C94162D60D694008B6E19 /* View */,
				1F1C94152D60D68B008B6E19 /* ViewModel */,
			);
			path = Layout;
			sourceTree = "<group>";
		};
		1F1C94152D60D68B008B6E19 /* ViewModel */ = {
			isa = PBXGroup;
			children = (
				1F1C940D2D5FC9D6008B6E19 /* LayoutVM.swift */,
			);
			path = ViewModel;
			sourceTree = "<group>";
		};
		1F1C94162D60D694008B6E19 /* View */ = {
			isa = PBXGroup;
			children = (
				1F1C94052D5FC81E008B6E19 /* Sidebar */,
				1F1C94182D60D6A6008B6E19 /* LayoutView.swift */,
			);
			path = View;
			sourceTree = "<group>";
		};
		1F1C94172D60D699008B6E19 /* Model */ = {
			isa = PBXGroup;
			children = (
				1F1C940B2D5FC8C2008B6E19 /* LayoutModel.swift */,
			);
			path = Model;
			sourceTree = "<group>";
		};
		1F1C94202D660925008B6E19 /* Overview */ = {
			isa = PBXGroup;
			children = (
				1F1C94232D660937008B6E19 /* Model */,
				1F1C94222D660932008B6E19 /* View */,
				1F1C94212D66092C008B6E19 /* ViewModel */,
			);
			path = Overview;
			sourceTree = "<group>";
		};
		1F1C94212D66092C008B6E19 /* ViewModel */ = {
			isa = PBXGroup;
			children = (
				1FF10E462D9601C500EBECB5 /* OverviewVM.swift */,
			);
			path = ViewModel;
			sourceTree = "<group>";
		};
		1F1C94222D660932008B6E19 /* View */ = {
			isa = PBXGroup;
			children = (
				1FF986E12D7708AF0008BDA3 /* DeviceInfo */,
				1F1C94242D660944008B6E19 /* OverviewView.swift */,
			);
			path = View;
			sourceTree = "<group>";
		};
		1F1C94232D660937008B6E19 /* Model */ = {
			isa = PBXGroup;
			children = (
				1FAD12B72D97BD3C004CF8DC /* DeviceParamsModel.swift */,
				1FAD12B52D97B20E004CF8DC /* AppChartModel.swift */,
			);
			path = Model;
			sourceTree = "<group>";
		};
		1F1C94262D660952008B6E19 /* Debloat */ = {
			isa = PBXGroup;
			children = (
				1F1C94292D66096A008B6E19 /* Model */,
				1F1C94282D660966008B6E19 /* View */,
				1F1C94272D66095A008B6E19 /* ViewModel */,
			);
			path = Debloat;
			sourceTree = "<group>";
		};
		1F1C94272D66095A008B6E19 /* ViewModel */ = {
			isa = PBXGroup;
			children = (
				1FAD12B92D98736D004CF8DC /* DebloatVM.swift */,
			);
			path = ViewModel;
			sourceTree = "<group>";
		};
		1F1C94282D660966008B6E19 /* View */ = {
			isa = PBXGroup;
			children = (
				1F1C943B2D660A30008B6E19 /* DebloatView.swift */,
			);
			path = View;
			sourceTree = "<group>";
		};
		1F1C94292D66096A008B6E19 /* Model */ = {
			isa = PBXGroup;
			children = (
			);
			path = Model;
			sourceTree = "<group>";
		};
		1F1C942A2D660970008B6E19 /* Transfer */ = {
			isa = PBXGroup;
			children = (
				1F1C942C2D66097F008B6E19 /* Model */,
				1F1C942D2D66097F008B6E19 /* View */,
				1F1C942E2D66097F008B6E19 /* ViewModel */,
			);
			path = Transfer;
			sourceTree = "<group>";
		};
		1F1C942B2D660976008B6E19 /* Restore */ = {
			isa = PBXGroup;
			children = (
				1F1C942F2D660981008B6E19 /* Model */,
				1F1C94302D660981008B6E19 /* View */,
				1F1C94312D660981008B6E19 /* ViewModel */,
			);
			path = Restore;
			sourceTree = "<group>";
		};
		1F1C942C2D66097F008B6E19 /* Model */ = {
			isa = PBXGroup;
			children = (
				1F4C600E2DA72B0B000831B1 /* TransferModel.swift */,
			);
			path = Model;
			sourceTree = "<group>";
		};
		1F1C942D2D66097F008B6E19 /* View */ = {
			isa = PBXGroup;
			children = (
				1FF10E112D8F38FF00EBECB5 /* TransferActionsButton */,
				1FF10E0A2D8F24CA00EBECB5 /* FolderList */,
				1F1C943D2D660A41008B6E19 /* TransferView.swift */,
			);
			path = View;
			sourceTree = "<group>";
		};
		1F1C942E2D66097F008B6E19 /* ViewModel */ = {
			isa = PBXGroup;
			children = (
				1F4C600C2DA70FF6000831B1 /* TransferVM.swift */,
			);
			path = ViewModel;
			sourceTree = "<group>";
		};
		1F1C942F2D660981008B6E19 /* Model */ = {
			isa = PBXGroup;
			children = (
			);
			path = Model;
			sourceTree = "<group>";
		};
		1F1C94302D660981008B6E19 /* View */ = {
			isa = PBXGroup;
			children = (
				1F1C943F2D660A5F008B6E19 /* RestoreView.swift */,
			);
			path = View;
			sourceTree = "<group>";
		};
		1F1C94312D660981008B6E19 /* ViewModel */ = {
			isa = PBXGroup;
			children = (
				1F4C60082DA5A4BA000831B1 /* RestoreVM.swift */,
			);
			path = ViewModel;
			sourceTree = "<group>";
		};
		1F1C94332D6609C2008B6E19 /* Debugging */ = {
			isa = PBXGroup;
			children = (
				1F1C94392D660A04008B6E19 /* View */,
			);
			path = Debugging;
			sourceTree = "<group>";
		};
		1F1C94392D660A04008B6E19 /* View */ = {
			isa = PBXGroup;
			children = (
				1FF986D52D75CBFA0008BDA3 /* Debugging Section */,
				1F1C94442D660ACE008B6E19 /* DebuggingView.swift */,
			);
			path = View;
			sourceTree = "<group>";
		};
		1F1C94462D660BA9008B6E19 /* Modifiers */ = {
			isa = PBXGroup;
			children = (
				1FF10E1A2D90F01A00EBECB5 /* UnavailableMod.swift */,
				1FF986F82D7B28CC0008BDA3 /* RemoveFocusOnTapMod.swift */,
				1FF986C12D731A330008BDA3 /* SectionMod.swift */,
				1FF986AD2D7068D60008BDA3 /* PreviewMod.swift */,
				1F992E7A2D6BF04300DCC645 /* ColorSchemeTransition.swift */,
				1F992E782D6BCCB800DCC645 /* OpacityTransitionMod.swift */,
				1F1C94512D66B98F008B6E19 /* AppMod.swift */,
				1F1C94472D660BD4008B6E19 /* PageMod.swift */,
			);
			path = Modifiers;
			sourceTree = "<group>";
		};
		1F1C94552D67ECA2008B6E19 /* Navigation Section */ = {
			isa = PBXGroup;
			children = (
				1F1C94102D5FEEB1008B6E19 /* NavigationItemView.swift */,
				1F1C94562D67ECC0008B6E19 /* NavigationSectionView.swift */,
			);
			path = "Navigation Section";
			sourceTree = "<group>";
		};
		1F1C94582D67ED64008B6E19 /* Social Section */ = {
			isa = PBXGroup;
			children = (
				1F1C94532D67E826008B6E19 /* SocialItemView.swift */,
				1F1C94592D67EE24008B6E19 /* SocialSectionView.swift */,
			);
			path = "Social Section";
			sourceTree = "<group>";
		};
		1F1C945B2D6800AB008B6E19 /* Others Section */ = {
			isa = PBXGroup;
			children = (
				1F1C945C2D6800C0008B6E19 /* OthersSectionView.swift */,
			);
			path = "Others Section";
			sourceTree = "<group>";
		};
		1F1C945E2D680105008B6E19 /* Componets */ = {
			isa = PBXGroup;
			children = (
				1FF10DEC2D8B0A4500EBECB5 /* App Actions */,
				1FF10E092D8E44D900EBECB5 /* App List */,
				1FF986FA2D7B2BD80008BDA3 /* App Toolbar */,
				1FF10E432D95D95900EBECB5 /* Loading */,
				1F4C5FF82D9F0D8D000831B1 /* Sheets */,
				1F1C945F2D680110008B6E19 /* Theme Switch */,
				1FD384F22D7CA525007FA48B /* Visual Effect */,
			);
			path = Componets;
			sourceTree = "<group>";
		};
		1F1C945F2D680110008B6E19 /* Theme Switch */ = {
			isa = PBXGroup;
			children = (
				1F1C94602D680121008B6E19 /* ThemeButtonView.swift */,
				1FF986C72D7329FC0008BDA3 /* ThemeSwitchView.swift */,
				1FF986CD2D746C300008BDA3 /* ThemeIconView.swift */,
			);
			path = "Theme Switch";
			sourceTree = "<group>";
		};
		1F465AF22DB4EC5800F2E7F7 /* Helpers */ = {
			isa = PBXGroup;
			children = (
				1F465AF32DB4ECAE00F2E7F7 /* UtilsTests.swift */,
			);
			path = Helpers;
			sourceTree = "<group>";
		};
		1F465AF62DB4F05900F2E7F7 /* Extensions */ = {
			isa = PBXGroup;
			children = (
				1F465AF72DB4F07200F2E7F7 /* FontTests.swift */,
			);
			path = Extensions;
			sourceTree = "<group>";
		};
		1F465AFC2DB5073100F2E7F7 /* Demo */ = {
			isa = PBXGroup;
			children = (
				1F6A4FF92DB6DF8700C47D5E /* gif */,
				1F465AFD2DB5078D00F2E7F7 /* image */,
			);
			path = Demo;
			sourceTree = "<group>";
		};
		1F465AFD2DB5078D00F2E7F7 /* image */ = {
			isa = PBXGroup;
			children = (
				1F465AFE2DB507A400F2E7F7 /* logo.png */,
			);
			path = image;
			sourceTree = "<group>";
		};
		1F4C5FF12D9D6DD8000831B1 /* Models */ = {
			isa = PBXGroup;
			children = (
				1FAD12BB2D987437004CF8DC /* AppListModel.swift */,
				1F4C5FF22D9D6DF4000831B1 /* DBModel.swift */,
				1F465AEE2DB2C02D00F2E7F7 /* ApkModel.swift */,
			);
			path = Models;
			sourceTree = "<group>";
		};
		1F4C5FF82D9F0D8D000831B1 /* Sheets */ = {
			isa = PBXGroup;
			children = (
				1F4C5FF92D9F0D9D000831B1 /* ConfirmationSheet.swift */,
				1F4C60192DA9F4EE000831B1 /* ProgressSheet.swift */,
			);
			path = Sheets;
			sourceTree = "<group>";
		};
		1F4C60022DA44B02000831B1 /* lib64 */ = {
			isa = PBXGroup;
			children = (
				1F4C60012DA44B02000831B1 /* libc++.dylib */,
			);
			path = lib64;
			sourceTree = "<group>";
		};
		1F6A4FF92DB6DF8700C47D5E /* gif */ = {
			isa = PBXGroup;
			children = (
				1F6A4FFA2DB6DF9E00C47D5E /* demo.gif */,
			);
			path = gif;
			sourceTree = "<group>";
		};
		1F992E632D6B92B600DCC645 /* Routing */ = {
			isa = PBXGroup;
			children = (
				1F992E712D6B986A00DCC645 /* Router.swift */,
				1F992E6F2D6B967400DCC645 /* Routable.swift */,
			);
			path = Routing;
			sourceTree = "<group>";
		};
		1FD384F22D7CA525007FA48B /* Visual Effect */ = {
			isa = PBXGroup;
			children = (
				1FD384EA2D7B6865007FA48B /* VisualEffect.swift */,
			);
			path = "Visual Effect";
			sourceTree = "<group>";
		};
		1FDCD5A82D5CCA920036B15F = {
			isa = PBXGroup;
			children = (
				1FDCD5F12D5E01730036B15F /* .gitignore */,
				1FDCD5F22D5E02240036B15F /* Debloatfy.app */,
				1F465AFA2DB506C900F2E7F7 /* README.md */,
				1F3F03B32DB6B45A0095CA8E /* LICENSE.txt */,
				1F1C93FC2D5E0C9A008B6E19 /* Tests.xctest */,
				1F465AF52DB4EF0E00F2E7F7 /* Debloatfy.xctestplan */,
				1F465AFC2DB5073100F2E7F7 /* Demo */,
				1FDCD5E82D5DFE740036B15F /* Sources */,
				1FDCD5E02D5DFDA00036B15F /* Tests */,
			);
			sourceTree = "<group>";
		};
		1FDCD5E02D5DFDA00036B15F /* Tests */ = {
			isa = PBXGroup;
			children = (
				1F465AF62DB4F05900F2E7F7 /* Extensions */,
				1F465AF22DB4EC5800F2E7F7 /* Helpers */,
			);
			path = Tests;
			sourceTree = "<group>";
		};
		1FDCD5E32D5DFE740036B15F /* Preview Content */ = {
			isa = PBXGroup;
			children = (
				1FDCD5E22D5DFE740036B15F /* Preview Assets.xcassets */,
			);
			path = "Preview Content";
			sourceTree = "<group>";
		};
		1FDCD5E82D5DFE740036B15F /* Sources */ = {
			isa = PBXGroup;
			children = (
				1FDCD5EF2D5DFFC90036B15F /* App */,
				1FDCD5EE2D5DFFC40036B15F /* Core */,
				1FDCD5F02D5E003F0036B15F /* Resources */,
				1FDCD5ED2D5DFFB50036B15F /* Scenes */,
			);
			path = Sources;
			sourceTree = "<group>";
		};
		1FDCD5ED2D5DFFB50036B15F /* Scenes */ = {
			isa = PBXGroup;
			children = (
				1F1C94012D5FB7E3008B6E19 /* About */,
				1F1C94262D660952008B6E19 /* Debloat */,
				1F1C94332D6609C2008B6E19 /* Debugging */,
				1F1C94142D60D67F008B6E19 /* Layout */,
				1FF10DF62D8B4A4000EBECB5 /* Logs */,
				1F1C94202D660925008B6E19 /* Overview */,
				1F1C942B2D660976008B6E19 /* Restore */,
				1F1C942A2D660970008B6E19 /* Transfer */,
			);
			path = Scenes;
			sourceTree = "<group>";
		};
		1FDCD5EE2D5DFFC40036B15F /* Core */ = {
			isa = PBXGroup;
			children = (
				1F1C945E2D680105008B6E19 /* Componets */,
				1FDCD6012D5E04EB0036B15F /* Constans */,
				1FDCD6002D5E04C70036B15F /* Extensions */,
				1FF986B72D7198770008BDA3 /* Helpers */,
				1F4C5FF12D9D6DD8000831B1 /* Models */,
				1F1C94462D660BA9008B6E19 /* Modifiers */,
				1FF10E232D92537600EBECB5 /* Package */,
				1FF986AA2D7045CA0008BDA3 /* Protocols */,
				1F992E632D6B92B600DCC645 /* Routing */,
				1FF10E3E2D9338E300EBECB5 /* Services */,
				1FF986DC2D75EC970008BDA3 /* Styles */,
			);
			path = Core;
			sourceTree = "<group>";
		};
		1FDCD5EF2D5DFFC90036B15F /* App */ = {
			isa = PBXGroup;
			children = (
				1FDCD5E62D5DFE740036B15F /* Debloatfy.entitlements */,
				1FDCD5E72D5DFE740036B15F /* DebloatfyApp.swift */,
			);
			path = App;
			sourceTree = "<group>";
		};
		1FDCD5F02D5E003F0036B15F /* Resources */ = {
			isa = PBXGroup;
			children = (
				1FDCD5E42D5DFE740036B15F /* Assets.xcassets */,
				1FDCD60B2D5E0B040036B15F /* Debloatfy-Info.plist */,
				1FDCD6042D5E098D0036B15F /* Fonts */,
				1FDCD5E32D5DFE740036B15F /* Preview Content */,
			);
			path = Resources;
			sourceTree = "<group>";
		};
		1FDCD6002D5E04C70036B15F /* Extensions */ = {
			isa = PBXGroup;
			children = (
				1FF10E022D8B50B800EBECB5 /* View+Extension.swift */,
				1F1C94122D60C5B1008B6E19 /* EnvironmentValues+Extension.swift */,
				1F1C93FE2D5E54E9008B6E19 /* Font+Extension.swift */,
			);
			path = Extensions;
			sourceTree = "<group>";
		};
		1FDCD6012D5E04EB0036B15F /* Constans */ = {
			isa = PBXGroup;
			children = (
				1FDCD6022D5E04F10036B15F /* GlobalEnums.swift */,
			);
			path = Constans;
			sourceTree = "<group>";
		};
		1FDCD6042D5E098D0036B15F /* Fonts */ = {
			isa = PBXGroup;
			children = (
				1FDCD6082D5E0A6F0036B15F /* Nunito-Variable.ttf */,
			);
			path = Fonts;
			sourceTree = "<group>";
		};
		1FF10DEC2D8B0A4500EBECB5 /* App Actions */ = {
			isa = PBXGroup;
			children = (
				1FF10DE32D8AE02600EBECB5 /* AppActionsView.swift */,
				1FF10DEF2D8B0C5600EBECB5 /* AppActionItem.swift */,
			);
			path = "App Actions";
			sourceTree = "<group>";
		};
		1FF10DF62D8B4A4000EBECB5 /* Logs */ = {
			isa = PBXGroup;
			children = (
				1FF10DF92D8B4A5200EBECB5 /* Model */,
				1FF10DF82D8B4A4E00EBECB5 /* View */,
				1FF10DF72D8B4A4900EBECB5 /* ViewModel */,
			);
			path = Logs;
			sourceTree = "<group>";
		};
		1FF10DF72D8B4A4900EBECB5 /* ViewModel */ = {
			isa = PBXGroup;
			children = (
				1F4C5FF62D9DBB83000831B1 /* LogsVM.swift */,
			);
			path = ViewModel;
			sourceTree = "<group>";
		};
		1FF10DF82D8B4A4E00EBECB5 /* View */ = {
			isa = PBXGroup;
			children = (
				1FF10E042D8E334100EBECB5 /* LogList */,
				1FF10DFA2D8B4A6000EBECB5 /* LogsView.swift */,
			);
			path = View;
			sourceTree = "<group>";
		};
		1FF10DF92D8B4A5200EBECB5 /* Model */ = {
			isa = PBXGroup;
			children = (
			);
			path = Model;
			sourceTree = "<group>";
		};
		1FF10E042D8E334100EBECB5 /* LogList */ = {
			isa = PBXGroup;
			children = (
				1FF10E052D8E336A00EBECB5 /* LogListItem.swift */,
				1FF10E072D8E3D4100EBECB5 /* LogListHeader.swift */,
			);
			path = LogList;
			sourceTree = "<group>";
		};
		1FF10E092D8E44D900EBECB5 /* App List */ = {
			isa = PBXGroup;
			children = (
				1FF10DD62D85870F00EBECB5 /* AppListView.swift */,
				1FF10DD82D85872C00EBECB5 /* AppListItem.swift */,
				1FF10DDA2D85A77A00EBECB5 /* AppListHeader.swift */,
				1FF10DDE2D88A11500EBECB5 /* AppListItemLabel.swift */,
			);
			path = "App List";
			sourceTree = "<group>";
		};
		1FF10E0A2D8F24CA00EBECB5 /* FolderList */ = {
			isa = PBXGroup;
			children = (
				1FF10E0B2D8F24F300EBECB5 /* FolderListItem.swift */,
				1FF10E0D2D8F24FD00EBECB5 /* FolderListHeader.swift */,
				1FF10E1E2D91E2F700EBECB5 /* FolderListMenuItem.swift */,
			);
			path = FolderList;
			sourceTree = "<group>";
		};
		1FF10E112D8F38FF00EBECB5 /* TransferActionsButton */ = {
			isa = PBXGroup;
			children = (
				1FF10E142D8F39E500EBECB5 /* TransferActionButton.swift */,
			);
			path = TransferActionsButton;
			sourceTree = "<group>";
		};
		1FF10E232D92537600EBECB5 /* Package */ = {
			isa = PBXGroup;
			children = (
				1FF10E242D92537F00EBECB5 /* ADB Sdk */,
			);
			path = Package;
			sourceTree = "<group>";
		};
		1FF10E242D92537F00EBECB5 /* ADB Sdk */ = {
			isa = PBXGroup;
			children = (
				1FF10E252D9253A500EBECB5 /* adb */,
				1FF10E262D9253A500EBECB5 /* etc1tool */,
				1FF10E272D9253A500EBECB5 /* fastboot */,
				1FF10E282D9253A500EBECB5 /* hprof-conv */,
				1FF10E2B2D9253A500EBECB5 /* make_f2fs */,
				1FF10E2C2D9253A500EBECB5 /* make_f2fs_casefold */,
				1FF10E2D2D9253A500EBECB5 /* mke2fs */,
				1FF10E312D9253A500EBECB5 /* sqlite3 */,
				1FF10E2E2D9253A500EBECB5 /* mke2fs.conf */,
				1FF10E302D9253A500EBECB5 /* source.properties */,
				1FF10E2F2D9253A500EBECB5 /* NOTICE.txt */,
				1F4C60022DA44B02000831B1 /* lib64 */,
			);
			path = "ADB Sdk";
			sourceTree = "<group>";
		};
		1FF10E3E2D9338E300EBECB5 /* Services */ = {
			isa = PBXGroup;
			children = (
				1F4C601B2DAB24BE000831B1 /* DBService.swift */,
				1FF10E482D96314400EBECB5 /* ADB.swift */,
				1FAD12BD2D9BF732004CF8DC /* SelectManager.swift */,
				1FF10E3F2D93390400EBECB5 /* Auth.swift */,
			);
			path = Services;
			sourceTree = "<group>";
		};
		1FF10E432D95D95900EBECB5 /* Loading */ = {
			isa = PBXGroup;
			children = (
				1FF10E442D95D96A00EBECB5 /* LoadingView.swift */,
			);
			path = Loading;
			sourceTree = "<group>";
		};
		1FF986AA2D7045CA0008BDA3 /* Protocols */ = {
			isa = PBXGroup;
			children = (
				1FF986AB2D7045F50008BDA3 /* Mockable.swift */,
			);
			path = Protocols;
			sourceTree = "<group>";
		};
		1FF986AF2D7191780008BDA3 /* Info Section */ = {
			isa = PBXGroup;
			children = (
				1FF986B12D7191AC0008BDA3 /* InfoLogoView.swift */,
				1FF986C52D731BB10008BDA3 /* InfoDetailView.swift */,
				1FF986D12D7592200008BDA3 /* InfoPurposeView.swift */,
			);
			path = "Info Section";
			sourceTree = "<group>";
		};
		1FF986B72D7198770008BDA3 /* Helpers */ = {
			isa = PBXGroup;
			children = (
				1F465AF02DB3F80100F2E7F7 /* Processors.swift */,
				1FF986E92D774DDA0008BDA3 /* Creator.swift */,
				1FF986CF2D748B930008BDA3 /* Utils.swift */,
				1F4C60172DA9C068000831B1 /* Log.swift */,
				1F4C600A2DA5B37B000831B1 /* FileKit.swift */,
			);
			path = Helpers;
			sourceTree = "<group>";
		};
		1FF986D52D75CBFA0008BDA3 /* Debugging Section */ = {
			isa = PBXGroup;
			children = (
				1F66D1D62D8070BA008E29E7 /* DebugIndicatorView.swift */,
				1FF986D62D75CC460008BDA3 /* DebugImageView.swift */,
				1FF986D82D75CEF80008BDA3 /* DebugStepsView.swift */,
			);
			path = "Debugging Section";
			sourceTree = "<group>";
		};
		1FF986DC2D75EC970008BDA3 /* Styles */ = {
			isa = PBXGroup;
			children = (
				1FF10DDC2D8870D500EBECB5 /* ToggleStyles.swift */,
				1FF986DD2D75ECA70008BDA3 /* ButtonStyles.swift */,
			);
			path = Styles;
			sourceTree = "<group>";
		};
		1FF986E12D7708AF0008BDA3 /* DeviceInfo */ = {
			isa = PBXGroup;
			children = (
				1FF986ED2D79A0B70008BDA3 /* DeviceAppChart.swift */,
				1FF986E52D77459B0008BDA3 /* DevinceInfoImage.swift */,
				1FF986E72D7746690008BDA3 /* DeviceInfoParams.swift */,
			);
			path = DeviceInfo;
			sourceTree = "<group>";
		};
		1FF986FA2D7B2BD80008BDA3 /* App Toolbar */ = {
			isa = PBXGroup;
			children = (
				1FF986F02D7B02090008BDA3 /* SearchInputView.swift */,
				1FF986FB2D7B2BE60008BDA3 /* AppToolbarView.swift */,
			);
			path = "App Toolbar";
			sourceTree = "<group>";
		};
/* End PBXGroup section */

/* Begin PBXNativeTarget section */
		1FDCD5B02D5CCA920036B15F /* Debloatfy */ = {
			isa = PBXNativeTarget;
			buildConfigurationList = 1FDCD5D62D5CCA930036B15F /* Build configuration list for PBXNativeTarget "Debloatfy" */;
			buildPhases = (
				1FDCD5AD2D5CCA920036B15F /* Sources */,
				1F1C94002D5E63AB008B6E19 /* Automatically Terminate Old Instances */,
				1FDCD5AE2D5CCA920036B15F /* Frameworks */,
				1FDCD5AF2D5CCA920036B15F /* Resources */,
				1F4C60212DAB4EEE000831B1 /* Embed Frameworks */,
			);
			buildRules = (
			);
			dependencies = (
			);
			name = Debloatfy;
			packageProductDependencies = (
				1F4C60232DAB6C70000831B1 /* GRDB */,
			);
			productName = Debloatfy;
			productReference = 1FDCD5F22D5E02240036B15F /* Debloatfy.app */;
			productType = "com.apple.product-type.application";
		};
		1FDCD5C12D5CCA930036B15F /* Tests */ = {
			isa = PBXNativeTarget;
			buildConfigurationList = 1FDCD5D92D5CCA930036B15F /* Build configuration list for PBXNativeTarget "Tests" */;
			buildPhases = (
				1FDCD5BE2D5CCA930036B15F /* Sources */,
				1FDCD5BF2D5CCA930036B15F /* Frameworks */,
				1FDCD5C02D5CCA930036B15F /* Resources */,
			);
			buildRules = (
			);
			dependencies = (
				1FDCD5C42D5CCA930036B15F /* PBXTargetDependency */,
			);
			name = Tests;
			packageProductDependencies = (
			);
			productName = DebloatfyTests;
			productReference = 1F1C93FC2D5E0C9A008B6E19 /* Tests.xctest */;
			productType = "com.apple.product-type.bundle.unit-test";
		};
/* End PBXNativeTarget section */

/* Begin PBXProject section */
		1FDCD5A92D5CCA920036B15F /* Project object */ = {
			isa = PBXProject;
			attributes = {
				BuildIndependentTargetsInParallel = 1;
				LastSwiftUpdateCheck = 1620;
				LastUpgradeCheck = 1630;
				TargetAttributes = {
					1FDCD5B02D5CCA920036B15F = {
						CreatedOnToolsVersion = 16.2;
					};
					1FDCD5C12D5CCA930036B15F = {
						CreatedOnToolsVersion = 16.2;
						TestTargetID = 1FDCD5B02D5CCA920036B15F;
					};
				};
			};
			buildConfigurationList = 1FDCD5AC2D5CCA920036B15F /* Build configuration list for PBXProject "Debloatfy" */;
			developmentRegion = en;
			hasScannedForEncodings = 0;
			knownRegions = (
				en,
				Base,
			);
			mainGroup = 1FDCD5A82D5CCA920036B15F;
			minimizedProjectReferenceProxies = 1;
			packageReferences = (
				1F4C60222DAB6C70000831B1 /* XCRemoteSwiftPackageReference "GRDB.swift" */,
			);
			preferredProjectObjectVersion = 77;
			productRefGroup = 1FDCD5A82D5CCA920036B15F;
			projectDirPath = "";
			projectRoot = "";
			targets = (
				1FDCD5B02D5CCA920036B15F /* Debloatfy */,
				1FDCD5C12D5CCA930036B15F /* Tests */,
			);
		};
/* End PBXProject section */

/* Begin PBXResourcesBuildPhase section */
		1FDCD5AF2D5CCA920036B15F /* Resources */ = {
			isa = PBXResourcesBuildPhase;
			buildActionMask = 2147483647;
			files = (
				1FDCD5EB2D5DFE740036B15F /* Preview Assets.xcassets in Resources */,
				1FDCD60A2D5E0A6F0036B15F /* Nunito-Variable.ttf in Resources */,
				1FF10E322D9253A500EBECB5 /* adb in Resources */,
				1FF10E332D9253A500EBECB5 /* make_f2fs_casefold in Resources */,
				1FF10E342D9253A500EBECB5 /* NOTICE.txt in Resources */,
				1FF10E352D9253A500EBECB5 /* sqlite3 in Resources */,
				1FF10E362D9253A500EBECB5 /* etc1tool in Resources */,
				1F6A4FFB2DB6DF9E00C47D5E /* demo.gif in Resources */,
				1FF10E372D9253A500EBECB5 /* mke2fs in Resources */,
				1FF10E382D9253A500EBECB5 /* make_f2fs in Resources */,
				1FF10E392D9253A500EBECB5 /* mke2fs.conf in Resources */,
				1FF10E3A2D9253A500EBECB5 /* source.properties in Resources */,
				1FF10E3B2D9253A500EBECB5 /* fastboot in Resources */,
				1F465AFF2DB507A400F2E7F7 /* logo.png in Resources */,
				1F465AFB2DB506C900F2E7F7 /* README.md in Resources */,
				1FF10E3C2D9253A500EBECB5 /* hprof-conv in Resources */,
				1FDCD5EC2D5DFE740036B15F /* Assets.xcassets in Resources */,
			);
			runOnlyForDeploymentPostprocessing = 0;
		};
		1FDCD5C02D5CCA930036B15F /* Resources */ = {
			isa = PBXResourcesBuildPhase;
			buildActionMask = 2147483647;
			files = (
				1FDCD6092D5E0A6F0036B15F /* Nunito-Variable.ttf in Resources */,
			);
			runOnlyForDeploymentPostprocessing = 0;
		};
/* End PBXResourcesBuildPhase section */

/* Begin PBXShellScriptBuildPhase section */
		1F1C94002D5E63AB008B6E19 /* Automatically Terminate Old Instances */ = {
			isa = PBXShellScriptBuildPhase;
			alwaysOutOfDate = 1;
			buildActionMask = 2147483647;
			files = (
			);
			inputFileListPaths = (
			);
			inputPaths = (
			);
			name = "Automatically Terminate Old Instances";
			outputFileListPaths = (
			);
			outputPaths = (
			);
			runOnlyForDeploymentPostprocessing = 0;
			shellPath = /bin/sh;
			shellScript = "# Type a script or drag a script file from your workspace to insert its path.\nkillall \"$PRODUCT_NAME\" || true\n";
		};
/* End PBXShellScriptBuildPhase section */

/* Begin PBXSourcesBuildPhase section */
		1FDCD5AD2D5CCA920036B15F /* Sources */ = {
			isa = PBXSourcesBuildPhase;
			buildActionMask = 2147483647;
			files = (
				1F465AEF2DB2C03000F2E7F7 /* ApkModel.swift in Sources */,
				1FF10E472D9601C500EBECB5 /* OverviewVM.swift in Sources */,
				1FD384EB2D7B686A007FA48B /* VisualEffect.swift in Sources */,
				1FF986C62D731BB10008BDA3 /* InfoDetailView.swift in Sources */,
				1FAD12BC2D98743B004CF8DC /* AppListModel.swift in Sources */,
				1FF10DD92D85872C00EBECB5 /* AppListItem.swift in Sources */,
				1FF986D02D748B970008BDA3 /* Utils.swift in Sources */,
				1F1C94542D67E826008B6E19 /* SocialItemView.swift in Sources */,
				1F1C945D2D6800C0008B6E19 /* OthersSectionView.swift in Sources */,
				1FF10E1B2D90F02100EBECB5 /* UnavailableMod.swift in Sources */,
				1F1C945A2D67EE24008B6E19 /* SocialSectionView.swift in Sources */,
				1F1C94522D66B992008B6E19 /* AppMod.swift in Sources */,
				1F1C941F2D6608EC008B6E19 /* AboutView.swift in Sources */,
				1FF10E492D96314600EBECB5 /* ADB.swift in Sources */,
				1FF10E082D8E3D4100EBECB5 /* LogListHeader.swift in Sources */,
				1F1C94482D660BDA008B6E19 /* PageMod.swift in Sources */,
				1FF10DDB2D85A77A00EBECB5 /* AppListHeader.swift in Sources */,
				1FF986E82D7746690008BDA3 /* DeviceInfoParams.swift in Sources */,
				1FAD12B82D97BD3D004CF8DC /* DeviceParamsModel.swift in Sources */,
				1F1C940E2D5FC9D6008B6E19 /* LayoutVM.swift in Sources */,
				1FF10DFB2D8B4A6000EBECB5 /* LogsView.swift in Sources */,
				1F1C940A2D5FC848008B6E19 /* SidebarView.swift in Sources */,
				1F4C600B2DA5B3F0000831B1 /* FileKit.swift in Sources */,
				1F4C60182DA9C069000831B1 /* Log.swift in Sources */,
				1FF10E1F2D91E2F700EBECB5 /* FolderListMenuItem.swift in Sources */,
				1F4C600D2DA70FFB000831B1 /* TransferVM.swift in Sources */,
				1FF986D22D7592200008BDA3 /* InfoPurposeView.swift in Sources */,
				1FAD12BE2D9BF735004CF8DC /* SelectManager.swift in Sources */,
				1F992E7B2D6BF04B00DCC645 /* ColorSchemeTransition.swift in Sources */,
				1FF986D92D75CEF80008BDA3 /* DebugStepsView.swift in Sources */,
				1FF986CE2D746C300008BDA3 /* ThemeIconView.swift in Sources */,
				1F1C943C2D660A30008B6E19 /* DebloatView.swift in Sources */,
				1F1C94112D5FEEB1008B6E19 /* NavigationItemView.swift in Sources */,
				1FF986C82D7329FC0008BDA3 /* ThemeSwitchView.swift in Sources */,
				1F992E792D6BCCBF00DCC645 /* OpacityTransitionMod.swift in Sources */,
				1FF10E0E2D8F24FD00EBECB5 /* FolderListHeader.swift in Sources */,
				1FF986EA2D774DE00008BDA3 /* Creator.swift in Sources */,
				1FF986B22D7191AC0008BDA3 /* InfoLogoView.swift in Sources */,
				1F4C600F2DA72B13000831B1 /* TransferModel.swift in Sources */,
				1FF986AE2D7068DA0008BDA3 /* PreviewMod.swift in Sources */,
				1FDCD5EA2D5DFE740036B15F /* DebloatfyApp.swift in Sources */,
				1F4C5FFA2D9F0D9D000831B1 /* ConfirmationSheet.swift in Sources */,
				1FF10DD72D85870F00EBECB5 /* AppListView.swift in Sources */,
				1F4C601A2DA9F4EE000831B1 /* ProgressSheet.swift in Sources */,
				1FDCD6032D5E04F40036B15F /* GlobalEnums.swift in Sources */,
				1F1C93FF2D5E54F0008B6E19 /* Font+Extension.swift in Sources */,
				1FF10DDF2D88A11500EBECB5 /* AppListItemLabel.swift in Sources */,
				1FF986D72D75CC460008BDA3 /* DebugImageView.swift in Sources */,
				1F4C601C2DAB24C1000831B1 /* DBService.swift in Sources */,
				1F4C5FF32D9D6DF9000831B1 /* DBModel.swift in Sources */,
				1F465AF12DB3F82100F2E7F7 /* Processors.swift in Sources */,
				1FF986EE2D79A0B70008BDA3 /* DeviceAppChart.swift in Sources */,
				1F1C940C2D5FC8C6008B6E19 /* LayoutModel.swift in Sources */,
				1FF10DDD2D8870DA00EBECB5 /* ToggleStyles.swift in Sources */,
				1FAD12BA2D98736D004CF8DC /* DebloatVM.swift in Sources */,
				1FF10E402D93390400EBECB5 /* Auth.swift in Sources */,
				1FF986F92D7B28D20008BDA3 /* RemoveFocusOnTapMod.swift in Sources */,
				1F1C94132D60C5B6008B6E19 /* EnvironmentValues+Extension.swift in Sources */,
				1F1C94192D60D6A6008B6E19 /* LayoutView.swift in Sources */,
				1F66D1D72D8070C1008E29E7 /* DebugIndicatorView.swift in Sources */,
				1FAD12B62D97B215004CF8DC /* AppChartModel.swift in Sources */,
				1FF10DF02D8B0C5600EBECB5 /* AppActionItem.swift in Sources */,
				1FF986DE2D75ECA70008BDA3 /* ButtonStyles.swift in Sources */,
				1FF10DE42D8AE02600EBECB5 /* AppActionsView.swift in Sources */,
				1F992E702D6B967800DCC645 /* Routable.swift in Sources */,
				1F1C94402D660A5F008B6E19 /* RestoreView.swift in Sources */,
				1FF10E032D8B50BC00EBECB5 /* View+Extension.swift in Sources */,
				1FF986F12D7B02090008BDA3 /* SearchInputView.swift in Sources */,
				1FF10E0C2D8F24F300EBECB5 /* FolderListItem.swift in Sources */,
				1FF10E152D8F39E500EBECB5 /* TransferActionButton.swift in Sources */,
				1FF986FC2D7B2BE70008BDA3 /* AppToolbarView.swift in Sources */,
				1F4C5FF72D9DBB89000831B1 /* LogsVM.swift in Sources */,
				1FF986AC2D7045FA0008BDA3 /* Mockable.swift in Sources */,
				1F992E722D6B986C00DCC645 /* Router.swift in Sources */,
				1FF10E062D8E336A00EBECB5 /* LogListItem.swift in Sources */,
				1F1C94612D680121008B6E19 /* ThemeButtonView.swift in Sources */,
				1FF10E452D95D96A00EBECB5 /* LoadingView.swift in Sources */,
				1F1C943E2D660A41008B6E19 /* TransferView.swift in Sources */,
				1F1C94252D660944008B6E19 /* OverviewView.swift in Sources */,
				1F4C60092DA5A4BE000831B1 /* RestoreVM.swift in Sources */,
				1F1C94572D67ECC0008B6E19 /* NavigationSectionView.swift in Sources */,
				1FF986C22D731A350008BDA3 /* SectionMod.swift in Sources */,
				1FF986E62D77459B0008BDA3 /* DevinceInfoImage.swift in Sources */,
				1F1C94452D660ACE008B6E19 /* DebuggingView.swift in Sources */,
			);
			runOnlyForDeploymentPostprocessing = 0;
		};
		1FDCD5BE2D5CCA930036B15F /* Sources */ = {
			isa = PBXSourcesBuildPhase;
			buildActionMask = 2147483647;
			files = (
				1F465AF82DB4F07700F2E7F7 /* FontTests.swift in Sources */,
				1F465AF42DB4ECBA00F2E7F7 /* UtilsTests.swift in Sources */,
			);
			runOnlyForDeploymentPostprocessing = 0;
		};
/* End PBXSourcesBuildPhase section */

/* Begin PBXTargetDependency section */
		1FDCD5C42D5CCA930036B15F /* PBXTargetDependency */ = {
			isa = PBXTargetDependency;
			target = 1FDCD5B02D5CCA920036B15F /* Debloatfy */;
			targetProxy = 1FDCD5C32D5CCA930036B15F /* PBXContainerItemProxy */;
		};
/* End PBXTargetDependency section */

/* Begin XCBuildConfiguration section */
		1FDCD5D42D5CCA930036B15F /* Debug */ = {
			isa = XCBuildConfiguration;
			buildSettings = {
				ALWAYS_SEARCH_USER_PATHS = NO;
				ASSETCATALOG_COMPILER_GENERATE_SWIFT_ASSET_SYMBOL_EXTENSIONS = YES;
				CLANG_ANALYZER_NONNULL = YES;
				CLANG_ANALYZER_NUMBER_OBJECT_CONVERSION = YES_AGGRESSIVE;
				CLANG_CXX_LANGUAGE_STANDARD = "gnu++20";
				CLANG_ENABLE_MODULES = YES;
				CLANG_ENABLE_OBJC_ARC = YES;
				CLANG_ENABLE_OBJC_WEAK = YES;
				CLANG_WARN_BLOCK_CAPTURE_AUTORELEASING = YES;
				CLANG_WARN_BOOL_CONVERSION = YES;
				CLANG_WARN_COMMA = YES;
				CLANG_WARN_CONSTANT_CONVERSION = YES;
				CLANG_WARN_DEPRECATED_OBJC_IMPLEMENTATIONS = YES;
				CLANG_WARN_DIRECT_OBJC_ISA_USAGE = YES_ERROR;
				CLANG_WARN_DOCUMENTATION_COMMENTS = YES;
				CLANG_WARN_EMPTY_BODY = YES;
				CLANG_WARN_ENUM_CONVERSION = YES;
				CLANG_WARN_INFINITE_RECURSION = YES;
				CLANG_WARN_INT_CONVERSION = YES;
				CLANG_WARN_NON_LITERAL_NULL_CONVERSION = YES;
				CLANG_WARN_OBJC_IMPLICIT_RETAIN_SELF = YES;
				CLANG_WARN_OBJC_LITERAL_CONVERSION = YES;
				CLANG_WARN_OBJC_ROOT_CLASS = YES_ERROR;
				CLANG_WARN_QUOTED_INCLUDE_IN_FRAMEWORK_HEADER = YES;
				CLANG_WARN_RANGE_LOOP_ANALYSIS = YES;
				CLANG_WARN_STRICT_PROTOTYPES = YES;
				CLANG_WARN_SUSPICIOUS_MOVE = YES;
				CLANG_WARN_UNGUARDED_AVAILABILITY = YES_AGGRESSIVE;
				CLANG_WARN_UNREACHABLE_CODE = YES;
				CLANG_WARN__DUPLICATE_METHOD_MATCH = YES;
				COPY_PHASE_STRIP = NO;
				DEAD_CODE_STRIPPING = YES;
				DEBUG_INFORMATION_FORMAT = dwarf;
				ENABLE_STRICT_OBJC_MSGSEND = YES;
				ENABLE_TESTABILITY = YES;
				ENABLE_USER_SCRIPT_SANDBOXING = YES;
				GCC_C_LANGUAGE_STANDARD = gnu17;
				GCC_DYNAMIC_NO_PIC = NO;
				GCC_NO_COMMON_BLOCKS = YES;
				GCC_OPTIMIZATION_LEVEL = 0;
				GCC_PREPROCESSOR_DEFINITIONS = (
					"DEBUG=1",
					"$(inherited)",
				);
				GCC_WARN_64_TO_32_BIT_CONVERSION = YES;
				GCC_WARN_ABOUT_RETURN_TYPE = YES_ERROR;
				GCC_WARN_UNDECLARED_SELECTOR = YES;
				GCC_WARN_UNINITIALIZED_AUTOS = YES_AGGRESSIVE;
				GCC_WARN_UNUSED_FUNCTION = YES;
				GCC_WARN_UNUSED_VARIABLE = YES;
				INFOPLIST_KEY_LSApplicationCategoryType = "public.app-category.developer-tools";
				LD_RUNPATH_SEARCH_PATHS = "";
				LIBRARY_SEARCH_PATHS = "";
				LOCALIZATION_PREFERS_STRING_CATALOGS = YES;
				MACOSX_DEPLOYMENT_TARGET = 15.0;
				MTL_ENABLE_DEBUG_INFO = INCLUDE_SOURCE;
				MTL_FAST_MATH = YES;
				ONLY_ACTIVE_ARCH = YES;
				OTHER_LDFLAGS = "";
				SDKROOT = macosx;
				SWIFT_ACTIVE_COMPILATION_CONDITIONS = "DEBUG $(inherited)";
				SWIFT_OPTIMIZATION_LEVEL = "-Onone";
				SWIFT_VERSION = "";
			};
			name = Debug;
		};
		1FDCD5D52D5CCA930036B15F /* Release */ = {
			isa = XCBuildConfiguration;
			buildSettings = {
				ALWAYS_SEARCH_USER_PATHS = NO;
				ASSETCATALOG_COMPILER_GENERATE_SWIFT_ASSET_SYMBOL_EXTENSIONS = YES;
				CLANG_ANALYZER_NONNULL = YES;
				CLANG_ANALYZER_NUMBER_OBJECT_CONVERSION = YES_AGGRESSIVE;
				CLANG_CXX_LANGUAGE_STANDARD = "gnu++20";
				CLANG_ENABLE_MODULES = YES;
				CLANG_ENABLE_OBJC_ARC = YES;
				CLANG_ENABLE_OBJC_WEAK = YES;
				CLANG_WARN_BLOCK_CAPTURE_AUTORELEASING = YES;
				CLANG_WARN_BOOL_CONVERSION = YES;
				CLANG_WARN_COMMA = YES;
				CLANG_WARN_CONSTANT_CONVERSION = YES;
				CLANG_WARN_DEPRECATED_OBJC_IMPLEMENTATIONS = YES;
				CLANG_WARN_DIRECT_OBJC_ISA_USAGE = YES_ERROR;
				CLANG_WARN_DOCUMENTATION_COMMENTS = YES;
				CLANG_WARN_EMPTY_BODY = YES;
				CLANG_WARN_ENUM_CONVERSION = YES;
				CLANG_WARN_INFINITE_RECURSION = YES;
				CLANG_WARN_INT_CONVERSION = YES;
				CLANG_WARN_NON_LITERAL_NULL_CONVERSION = YES;
				CLANG_WARN_OBJC_IMPLICIT_RETAIN_SELF = YES;
				CLANG_WARN_OBJC_LITERAL_CONVERSION = YES;
				CLANG_WARN_OBJC_ROOT_CLASS = YES_ERROR;
				CLANG_WARN_QUOTED_INCLUDE_IN_FRAMEWORK_HEADER = YES;
				CLANG_WARN_RANGE_LOOP_ANALYSIS = YES;
				CLANG_WARN_STRICT_PROTOTYPES = YES;
				CLANG_WARN_SUSPICIOUS_MOVE = YES;
				CLANG_WARN_UNGUARDED_AVAILABILITY = YES_AGGRESSIVE;
				CLANG_WARN_UNREACHABLE_CODE = YES;
				CLANG_WARN__DUPLICATE_METHOD_MATCH = YES;
				COPY_PHASE_STRIP = NO;
				DEAD_CODE_STRIPPING = YES;
				DEBUG_INFORMATION_FORMAT = "dwarf-with-dsym";
				ENABLE_NS_ASSERTIONS = NO;
				ENABLE_STRICT_OBJC_MSGSEND = YES;
				ENABLE_USER_SCRIPT_SANDBOXING = YES;
				GCC_C_LANGUAGE_STANDARD = gnu17;
				GCC_NO_COMMON_BLOCKS = YES;
				GCC_WARN_64_TO_32_BIT_CONVERSION = YES;
				GCC_WARN_ABOUT_RETURN_TYPE = YES_ERROR;
				GCC_WARN_UNDECLARED_SELECTOR = YES;
				GCC_WARN_UNINITIALIZED_AUTOS = YES_AGGRESSIVE;
				GCC_WARN_UNUSED_FUNCTION = YES;
				GCC_WARN_UNUSED_VARIABLE = YES;
				INFOPLIST_KEY_LSApplicationCategoryType = "public.app-category.developer-tools";
				LD_RUNPATH_SEARCH_PATHS = "";
				LIBRARY_SEARCH_PATHS = "";
				LOCALIZATION_PREFERS_STRING_CATALOGS = YES;
				MACOSX_DEPLOYMENT_TARGET = 15.0;
				MTL_ENABLE_DEBUG_INFO = NO;
				MTL_FAST_MATH = YES;
				OTHER_LDFLAGS = "";
				SDKROOT = macosx;
				SWIFT_COMPILATION_MODE = wholemodule;
				SWIFT_VERSION = "";
			};
			name = Release;
		};
		1FDCD5D72D5CCA930036B15F /* Debug */ = {
			isa = XCBuildConfiguration;
			buildSettings = {
				ASSETCATALOG_COMPILER_APPICON_NAME = AppIcon;
				ASSETCATALOG_COMPILER_GLOBAL_ACCENT_COLOR_NAME = AccentColor;
				ASSETCATALOG_COMPILER_INCLUDE_ALL_APPICON_ASSETS = YES;
				CODE_SIGN_ENTITLEMENTS = Sources/App/Debloatfy.entitlements;
				"CODE_SIGN_IDENTITY[sdk=macosx*]" = "-";
				CODE_SIGN_STYLE = Automatic;
				COMBINE_HIDPI_IMAGES = YES;
				CURRENT_PROJECT_VERSION = 1;
				DEAD_CODE_STRIPPING = YES;
				DEVELOPMENT_ASSET_PATHS = "\"Sources/Resources/Preview Content\"";
				ENABLE_PREVIEWS = YES;
				GENERATE_INFOPLIST_FILE = YES;
				INFOPLIST_FILE = "Sources/Resources/Debloatfy-Info.plist";
				INFOPLIST_KEY_CFBundleDisplayName = Debloatfy;
				INFOPLIST_KEY_LSApplicationCategoryType = "public.app-category.developer-tools";
				INFOPLIST_KEY_MetalCaptureEnabled = YES;
				INFOPLIST_KEY_NSHumanReadableCopyright = "Copyright © 2025 Nijat Hamid. Debloatfy™. All rights reserved.";
				LD_RUNPATH_SEARCH_PATHS = (
					"$(inherited)",
					"@executable_path/../Frameworks",
				);
				LIBRARY_SEARCH_PATHS = "$(inherited)";
				MACOSX_DEPLOYMENT_TARGET = 15.2;
				MARKETING_VERSION = 1.0;
				OTHER_LDFLAGS = "";
				PRODUCT_BUNDLE_IDENTIFIER = com.nijathamid.Debloatfy;
				PRODUCT_NAME = "$(TARGET_NAME)";
				SWIFT_EMIT_LOC_STRINGS = YES;
				SWIFT_VERSION = 6.0;
			};
			name = Debug;
		};
		1FDCD5D82D5CCA930036B15F /* Release */ = {
			isa = XCBuildConfiguration;
			buildSettings = {
				ASSETCATALOG_COMPILER_APPICON_NAME = AppIcon;
				ASSETCATALOG_COMPILER_GLOBAL_ACCENT_COLOR_NAME = AccentColor;
				ASSETCATALOG_COMPILER_INCLUDE_ALL_APPICON_ASSETS = YES;
				CODE_SIGN_ENTITLEMENTS = Sources/App/Debloatfy.entitlements;
				"CODE_SIGN_IDENTITY[sdk=macosx*]" = "-";
				CODE_SIGN_STYLE = Automatic;
				COMBINE_HIDPI_IMAGES = YES;
				CURRENT_PROJECT_VERSION = 1;
				DEAD_CODE_STRIPPING = YES;
				DEVELOPMENT_ASSET_PATHS = "\"Sources/Resources/Preview Content\"";
				ENABLE_PREVIEWS = YES;
				GENERATE_INFOPLIST_FILE = YES;
				INFOPLIST_FILE = "Sources/Resources/Debloatfy-Info.plist";
				INFOPLIST_KEY_CFBundleDisplayName = Debloatfy;
				INFOPLIST_KEY_LSApplicationCategoryType = "public.app-category.developer-tools";
				INFOPLIST_KEY_MetalCaptureEnabled = YES;
				INFOPLIST_KEY_NSHumanReadableCopyright = "Copyright © 2025 Nijat Hamid. Debloatfy™. All rights reserved.";
				LD_RUNPATH_SEARCH_PATHS = (
					"$(inherited)",
					"@executable_path/../Frameworks",
				);
				LIBRARY_SEARCH_PATHS = "$(inherited)";
				MACOSX_DEPLOYMENT_TARGET = 15.2;
				MARKETING_VERSION = 1.0;
				OTHER_LDFLAGS = "";
				PRODUCT_BUNDLE_IDENTIFIER = com.nijathamid.Debloatfy;
				PRODUCT_NAME = "$(TARGET_NAME)";
				SWIFT_EMIT_LOC_STRINGS = YES;
				SWIFT_VERSION = 6.0;
			};
			name = Release;
		};
		1FDCD5DA2D5CCA930036B15F /* Debug */ = {
			isa = XCBuildConfiguration;
			buildSettings = {
				BUNDLE_LOADER = "$(TEST_HOST)";
				CODE_SIGN_STYLE = Automatic;
				CURRENT_PROJECT_VERSION = 1;
				DEAD_CODE_STRIPPING = YES;
				GENERATE_INFOPLIST_FILE = YES;
				MACOSX_DEPLOYMENT_TARGET = 15.2;
				MARKETING_VERSION = 1.0;
				PRODUCT_BUNDLE_IDENTIFIER = com.nijathamid.DebloatfyTests;
				PRODUCT_NAME = "$(TARGET_NAME)";
				SWIFT_EMIT_LOC_STRINGS = NO;
				SWIFT_VERSION = 5.0;
				TEST_HOST = "$(BUILT_PRODUCTS_DIR)/Debloatfy.app/$(BUNDLE_EXECUTABLE_FOLDER_PATH)/Debloatfy";
			};
			name = Debug;
		};
		1FDCD5DB2D5CCA930036B15F /* Release */ = {
			isa = XCBuildConfiguration;
			buildSettings = {
				BUNDLE_LOADER = "$(TEST_HOST)";
				CODE_SIGN_STYLE = Automatic;
				CURRENT_PROJECT_VERSION = 1;
				DEAD_CODE_STRIPPING = YES;
				GENERATE_INFOPLIST_FILE = YES;
				MACOSX_DEPLOYMENT_TARGET = 15.2;
				MARKETING_VERSION = 1.0;
				PRODUCT_BUNDLE_IDENTIFIER = com.nijathamid.DebloatfyTests;
				PRODUCT_NAME = "$(TARGET_NAME)";
				SWIFT_EMIT_LOC_STRINGS = NO;
				SWIFT_VERSION = 5.0;
				TEST_HOST = "$(BUILT_PRODUCTS_DIR)/Debloatfy.app/$(BUNDLE_EXECUTABLE_FOLDER_PATH)/Debloatfy";
			};
			name = Release;
		};
/* End XCBuildConfiguration section */

/* Begin XCConfigurationList section */
		1FDCD5AC2D5CCA920036B15F /* Build configuration list for PBXProject "Debloatfy" */ = {
			isa = XCConfigurationList;
			buildConfigurations = (
				1FDCD5D42D5CCA930036B15F /* Debug */,
				1FDCD5D52D5CCA930036B15F /* Release */,
			);
			defaultConfigurationIsVisible = 0;
			defaultConfigurationName = Release;
		};
		1FDCD5D62D5CCA930036B15F /* Build configuration list for PBXNativeTarget "Debloatfy" */ = {
			isa = XCConfigurationList;
			buildConfigurations = (
				1FDCD5D72D5CCA930036B15F /* Debug */,
				1FDCD5D82D5CCA930036B15F /* Release */,
			);
			defaultConfigurationIsVisible = 0;
			defaultConfigurationName = Release;
		};
		1FDCD5D92D5CCA930036B15F /* Build configuration list for PBXNativeTarget "Tests" */ = {
			isa = XCConfigurationList;
			buildConfigurations = (
				1FDCD5DA2D5CCA930036B15F /* Debug */,
				1FDCD5DB2D5CCA930036B15F /* Release */,
			);
			defaultConfigurationIsVisible = 0;
			defaultConfigurationName = Release;
		};
/* End XCConfigurationList section */

/* Begin XCRemoteSwiftPackageReference section */
		1F4C60222DAB6C70000831B1 /* XCRemoteSwiftPackageReference "GRDB.swift" */ = {
			isa = XCRemoteSwiftPackageReference;
			repositoryURL = "https://github.com/groue/GRDB.swift.git";
			requirement = {
				branch = master;
				kind = branch;
			};
		};
/* End XCRemoteSwiftPackageReference section */

/* Begin XCSwiftPackageProductDependency section */
		1F4C60232DAB6C70000831B1 /* GRDB */ = {
			isa = XCSwiftPackageProductDependency;
			package = 1F4C60222DAB6C70000831B1 /* XCRemoteSwiftPackageReference "GRDB.swift" */;
			productName = GRDB;
		};
/* End XCSwiftPackageProductDependency section */
	};
	rootObject = 1FDCD5A92D5CCA920036B15F /* Project object */;
}
